// !$*UTF8*$!
{
	archiveVersion = 1;
	classes = {
	};
	objectVersion = 45;
	objects = {

/* Begin PBXBuildFile section */
		1D3623260D0F684500981E51 /* ComicPolicyAppDelegate.m in Sources */ = {isa = PBXBuildFile; fileRef = 1D3623250D0F684500981E51 /* ComicPolicyAppDelegate.m */; };
		1D60589B0D05DD56006BFB54 /* main.m in Sources */ = {isa = PBXBuildFile; fileRef = 29B97316FDCFA39411CA2CEA /* main.m */; };
		1D60589F0D05DD5A006BFB54 /* Foundation.framework in Frameworks */ = {isa = PBXBuildFile; fileRef = 1D30AB110D05D00D00671497 /* Foundation.framework */; };
		1DF5F4E00D08C38300B7A737 /* UIKit.framework in Frameworks */ = {isa = PBXBuildFile; fileRef = 1DF5F4DF0D08C38300B7A737 /* UIKit.framework */; };
		288765A50DF7441C002DB57D /* CoreGraphics.framework in Frameworks */ = {isa = PBXBuildFile; fileRef = 288765A40DF7441C002DB57D /* CoreGraphics.framework */; };
		2899E5220DE3E06400AC0155 /* ComicPolicyViewController.xib in Resources */ = {isa = PBXBuildFile; fileRef = 2899E5210DE3E06400AC0155 /* ComicPolicyViewController.xib */; };
		28AD733F0D9D9553002E5188 /* MainWindow.xib in Resources */ = {isa = PBXBuildFile; fileRef = 28AD733E0D9D9553002E5188 /* MainWindow.xib */; };
		28D7ACF80DDB3853001CB0EB /* ComicPolicyViewController.m in Sources */ = {isa = PBXBuildFile; fileRef = 28D7ACF70DDB3853001CB0EB /* ComicPolicyViewController.m */; };
		A30ADF53131528F80060D2F1 /* notifydad.png in Resources */ = {isa = PBXBuildFile; fileRef = A30ADEFC131528F70060D2F1 /* notifydad.png */; };
		A30ADF54131528F80060D2F1 /* notifyeveryone.png in Resources */ = {isa = PBXBuildFile; fileRef = A30ADEFD131528F70060D2F1 /* notifyeveryone.png */; };
		A30ADF55131528F80060D2F1 /* notifyjohn.png in Resources */ = {isa = PBXBuildFile; fileRef = A30ADEFE131528F70060D2F1 /* notifyjohn.png */; };
		A30ADF56131528F80060D2F1 /* notifykatie.png in Resources */ = {isa = PBXBuildFile; fileRef = A30ADEFF131528F70060D2F1 /* notifykatie.png */; };
		A30ADF57131528F80060D2F1 /* notifymum.png in Resources */ = {isa = PBXBuildFile; fileRef = A30ADF00131528F70060D2F1 /* notifymum.png */; };
		A30ADF58131528F80060D2F1 /* blockdad.png in Resources */ = {isa = PBXBuildFile; fileRef = A30ADF02131528F70060D2F1 /* blockdad.png */; };
		A30ADF59131528F80060D2F1 /* blockjohn.png in Resources */ = {isa = PBXBuildFile; fileRef = A30ADF03131528F70060D2F1 /* blockjohn.png */; };
		A30ADF5A131528F80060D2F1 /* blockkatie.png in Resources */ = {isa = PBXBuildFile; fileRef = A30ADF04131528F70060D2F1 /* blockkatie.png */; };
		A30ADF5B131528F80060D2F1 /* blockmum.png in Resources */ = {isa = PBXBuildFile; fileRef = A30ADF05131528F70060D2F1 /* blockmum.png */; };
		A30ADF5C131528F80060D2F1 /* ascomputer.png in Resources */ = {isa = PBXBuildFile; fileRef = A30ADF07131528F70060D2F1 /* ascomputer.png */; };
		A30ADF5D131528F80060D2F1 /* asdesktop.png in Resources */ = {isa = PBXBuildFile; fileRef = A30ADF08131528F70060D2F1 /* asdesktop.png */; };
		A30ADF5E131528F80060D2F1 /* aslaptop.png in Resources */ = {isa = PBXBuildFile; fileRef = A30ADF09131528F70060D2F1 /* aslaptop.png */; };
		A30ADF5F131528F80060D2F1 /* asphone.png in Resources */ = {isa = PBXBuildFile; fileRef = A30ADF0A131528F70060D2F1 /* asphone.png */; };
		A30ADF61131528F80060D2F1 /* dad.png in Resources */ = {isa = PBXBuildFile; fileRef = A30ADF0E131528F70060D2F1 /* dad.png */; };
		A30ADF62131528F80060D2F1 /* everyone.png in Resources */ = {isa = PBXBuildFile; fileRef = A30ADF0F131528F70060D2F1 /* everyone.png */; };
		A30ADF63131528F80060D2F1 /* john.png in Resources */ = {isa = PBXBuildFile; fileRef = A30ADF10131528F70060D2F1 /* john.png */; };
		A30ADF64131528F80060D2F1 /* katie.png in Resources */ = {isa = PBXBuildFile; fileRef = A30ADF11131528F70060D2F1 /* katie.png */; };
		A30ADF65131528F80060D2F1 /* mum.png in Resources */ = {isa = PBXBuildFile; fileRef = A30ADF12131528F70060D2F1 /* mum.png */; };
		A30ADF67131528F80060D2F1 /* condcomputer.png in Resources */ = {isa = PBXBuildFile; fileRef = A30ADF15131528F70060D2F1 /* condcomputer.png */; };
		A30ADF68131528F80060D2F1 /* conddesktop.png in Resources */ = {isa = PBXBuildFile; fileRef = A30ADF16131528F70060D2F1 /* conddesktop.png */; };
		A30ADF69131528F80060D2F1 /* conddevices.png in Resources */ = {isa = PBXBuildFile; fileRef = A30ADF17131528F70060D2F1 /* conddevices.png */; };
		A30ADF6A131528F80060D2F1 /* condlaptop.png in Resources */ = {isa = PBXBuildFile; fileRef = A30ADF18131528F70060D2F1 /* condlaptop.png */; };
		A30ADF6B131528F80060D2F1 /* condphone.png in Resources */ = {isa = PBXBuildFile; fileRef = A30ADF19131528F70060D2F1 /* condphone.png */; };
		A30ADF6E131528F80060D2F1 /* bandwidth.png in Resources */ = {isa = PBXBuildFile; fileRef = A30ADF1D131528F70060D2F1 /* bandwidth.png */; };
		A30ADF6F131528F80060D2F1 /* downloading.png in Resources */ = {isa = PBXBuildFile; fileRef = A30ADF1E131528F80060D2F1 /* downloading.png */; };
		A30ADF70131528F80060D2F1 /* gaming.png in Resources */ = {isa = PBXBuildFile; fileRef = A30ADF1F131528F80060D2F1 /* gaming.png */; };
		A30ADF71131528F80060D2F1 /* streaming.png in Resources */ = {isa = PBXBuildFile; fileRef = A30ADF20131528F80060D2F1 /* streaming.png */; };
		A30ADF72131528F80060D2F1 /* surfing.png in Resources */ = {isa = PBXBuildFile; fileRef = A30ADF21131528F80060D2F1 /* surfing.png */; };
		A30ADF75131528F80060D2F1 /* clockface.png in Resources */ = {isa = PBXBuildFile; fileRef = A30ADF25131528F80060D2F1 /* clockface.png */; };
		A30ADFCE13152BF20060D2F1 /* SubjectView.m in Sources */ = {isa = PBXBuildFile; fileRef = A30ADFCD13152BF20060D2F1 /* SubjectView.m */; };
		A30AE003131537750060D2F1 /* SubjectViewController.m in Sources */ = {isa = PBXBuildFile; fileRef = A30AE002131537750060D2F1 /* SubjectViewController.m */; };
		A30AE03313153C6D0060D2F1 /* RootConditionViewController.m in Sources */ = {isa = PBXBuildFile; fileRef = A30AE03213153C6D0060D2F1 /* RootConditionViewController.m */; };
		A30AE04C13153DFB0060D2F1 /* RootActionViewController.m in Sources */ = {isa = PBXBuildFile; fileRef = A30AE04B13153DFB0060D2F1 /* RootActionViewController.m */; };
		A30AE05113153E600060D2F1 /* ActionNotifyView.m in Sources */ = {isa = PBXBuildFile; fileRef = A30AE05013153E600060D2F1 /* ActionNotifyView.m */; };
		A30AE06D13153F420060D2F1 /* RootResultViewController.m in Sources */ = {isa = PBXBuildFile; fileRef = A30AE06C13153F420060D2F1 /* RootResultViewController.m */; };
		A30AE072131540040060D2F1 /* ResultView.m in Sources */ = {isa = PBXBuildFile; fileRef = A30AE071131540040060D2F1 /* ResultView.m */; };
		A30AE0D113154DED0060D2F1 /* QuartzCore.framework in Frameworks */ = {isa = PBXBuildFile; fileRef = A30AE0D013154DED0060D2F1 /* QuartzCore.framework */; };
		A30AE12B13155C300060D2F1 /* visiting.png in Resources */ = {isa = PBXBuildFile; fileRef = A30AE12A13155C300060D2F1 /* visiting.png */; };
		A30AE1D8131574DA0060D2F1 /* resultbandwidth.png in Resources */ = {isa = PBXBuildFile; fileRef = A30AE1D3131574DA0060D2F1 /* resultbandwidth.png */; };
		A30AE1DA131574DA0060D2F1 /* resulttime.png in Resources */ = {isa = PBXBuildFile; fileRef = A30AE1D5131574DA0060D2F1 /* resulttime.png */; };
		A30AE1DB131574DA0060D2F1 /* resulttype.png in Resources */ = {isa = PBXBuildFile; fileRef = A30AE1D6131574DA0060D2F1 /* resulttype.png */; };
		A30AE1DC131574DA0060D2F1 /* resultvisits.png in Resources */ = {isa = PBXBuildFile; fileRef = A30AE1D7131574DA0060D2F1 /* resultvisits.png */; };
		A30AE2841316B6B80060D2F1 /* dadtold.png in Resources */ = {isa = PBXBuildFile; fileRef = A30AE27C1316B6B80060D2F1 /* dadtold.png */; };
		A30AE2851316B6B80060D2F1 /* dadwaiting.png in Resources */ = {isa = PBXBuildFile; fileRef = A30AE27D1316B6B80060D2F1 /* dadwaiting.png */; };
		A30AE2861316B6B80060D2F1 /* johntold.png in Resources */ = {isa = PBXBuildFile; fileRef = A30AE27E1316B6B80060D2F1 /* johntold.png */; };
		A30AE2871316B6B80060D2F1 /* johnwaiting.png in Resources */ = {isa = PBXBuildFile; fileRef = A30AE27F1316B6B80060D2F1 /* johnwaiting.png */; };
		A30AE2881316B6B80060D2F1 /* katietold.png in Resources */ = {isa = PBXBuildFile; fileRef = A30AE2801316B6B80060D2F1 /* katietold.png */; };
		A30AE2891316B6B80060D2F1 /* katiewaiting.png in Resources */ = {isa = PBXBuildFile; fileRef = A30AE2811316B6B80060D2F1 /* katiewaiting.png */; };
		A30AE28A1316B6B80060D2F1 /* mumtold.png in Resources */ = {isa = PBXBuildFile; fileRef = A30AE2821316B6B80060D2F1 /* mumtold.png */; };
		A30AE28B1316B6B80060D2F1 /* mumwaiting.png in Resources */ = {isa = PBXBuildFile; fileRef = A30AE2831316B6B80060D2F1 /* mumwaiting.png */; };
		A30AE2AD1316BABB0060D2F1 /* ConditionBandwidthView.m in Sources */ = {isa = PBXBuildFile; fileRef = A30AE2AC1316BABB0060D2F1 /* ConditionBandwidthView.m */; };
		A30AE3741316CE0C0060D2F1 /* ConditionBandwidthViewController.m in Sources */ = {isa = PBXBuildFile; fileRef = A30AE3731316CE0C0060D2F1 /* ConditionBandwidthViewController.m */; };
		A30AE3A51316F6F80060D2F1 /* ConditionTypeViewController.m in Sources */ = {isa = PBXBuildFile; fileRef = A30AE3A41316F6F80060D2F1 /* ConditionTypeViewController.m */; };
		A30AE54E1317CA830060D2F1 /* conditionmoneybag.png in Resources */ = {isa = PBXBuildFile; fileRef = A30AE54D1317CA830060D2F1 /* conditionmoneybag.png */; };
		A30AE5521317CC1D0060D2F1 /* frame.png in Resources */ = {isa = PBXBuildFile; fileRef = A30AE5501317CC1D0060D2F1 /* frame.png */; };
		A32749471340A10C00212CAB /* ok.png in Resources */ = {isa = PBXBuildFile; fileRef = A32749451340A10C00212CAB /* ok.png */; };
		A32749481340A10C00212CAB /* cancel.png in Resources */ = {isa = PBXBuildFile; fileRef = A32749461340A10C00212CAB /* cancel.png */; };
		A32749681340AAAD00212CAB /* NavigationView.m in Sources */ = {isa = PBXBuildFile; fileRef = A32749671340AAAD00212CAB /* NavigationView.m */; };
		A327496B1340AB4100212CAB /* addnew.png in Resources */ = {isa = PBXBuildFile; fileRef = A32749691340AB4100212CAB /* addnew.png */; };
		A327496C1340AB4100212CAB /* empty.png in Resources */ = {isa = PBXBuildFile; fileRef = A327496A1340AB4100212CAB /* empty.png */; };
		A3274ACA1342255200212CAB /* CoreData.framework in Frameworks */ = {isa = PBXBuildFile; fileRef = A3274AC91342255200212CAB /* CoreData.framework */; };
		A337D64413213E6F00DA13C8 /* ActionTimeViewController.m in Sources */ = {isa = PBXBuildFile; fileRef = A337D64313213E6F00DA13C8 /* ActionTimeViewController.m */; };
		A337D64913213E9300DA13C8 /* ActionTimeView.m in Sources */ = {isa = PBXBuildFile; fileRef = A337D64813213E9300DA13C8 /* ActionTimeView.m */; };
		A3476047134C630D00430CE0 /* ResultTypeViewController.m in Sources */ = {isa = PBXBuildFile; fileRef = A3476046134C630D00430CE0 /* ResultTypeViewController.m */; };
		A3476050134C633D00430CE0 /* ResultBandwidthViewController.m in Sources */ = {isa = PBXBuildFile; fileRef = A347604F134C633D00430CE0 /* ResultBandwidthViewController.m */; };
		A3476055134C637500430CE0 /* ResultVisitsViewController.m in Sources */ = {isa = PBXBuildFile; fileRef = A3476054134C637500430CE0 /* ResultVisitsViewController.m */; };
		A34760AC134C7B5F00430CE0 /* MonitorView.m in Sources */ = {isa = PBXBuildFile; fileRef = A34760AB134C7B5F00430CE0 /* MonitorView.m */; };
		A34760CB134C816700430CE0 /* tick.caf in Resources */ = {isa = PBXBuildFile; fileRef = A34760C9134C816700430CE0 /* tick.caf */; };
		A34760CC134C816700430CE0 /* tock.caf in Resources */ = {isa = PBXBuildFile; fileRef = A34760CA134C816700430CE0 /* tock.caf */; };
		A34760E0134C822800430CE0 /* AVFoundation.framework in Frameworks */ = {isa = PBXBuildFile; fileRef = A34760DF134C822800430CE0 /* AVFoundation.framework */; };
		A34760E2134C822800430CE0 /* CoreAudio.framework in Frameworks */ = {isa = PBXBuildFile; fileRef = A34760E1134C822800430CE0 /* CoreAudio.framework */; };
		A352A6FB1317E0A10053867A /* bigframeleft.png in Resources */ = {isa = PBXBuildFile; fileRef = A352A6F91317E0A10053867A /* bigframeleft.png */; };
		A352A6FC1317E0A10053867A /* bigframeright.png in Resources */ = {isa = PBXBuildFile; fileRef = A352A6FA1317E0A10053867A /* bigframeright.png */; };
		A352A6FE1317E0DA0053867A /* bigframe.png in Resources */ = {isa = PBXBuildFile; fileRef = A352A6FD1317E0DA0053867A /* bigframe.png */; };
		A352A7071317EAF80053867A /* notifybymail.png in Resources */ = {isa = PBXBuildFile; fileRef = A352A7031317EAF80053867A /* notifybymail.png */; };
		A352A7081317EAF80053867A /* notifybyphone.png in Resources */ = {isa = PBXBuildFile; fileRef = A352A7041317EAF80053867A /* notifybyphone.png */; };
		A352A7091317EAF80053867A /* notifybysound.png in Resources */ = {isa = PBXBuildFile; fileRef = A352A7051317EAF80053867A /* notifybysound.png */; };
		A352A70A1317EAF80053867A /* notifybytweet.png in Resources */ = {isa = PBXBuildFile; fileRef = A352A7061317EAF80053867A /* notifybytweet.png */; };
		A352A7161317EF3F0053867A /* hour.png in Resources */ = {isa = PBXBuildFile; fileRef = A352A7131317EF3F0053867A /* hour.png */; };
		A352A7171317EF3F0053867A /* minute.png in Resources */ = {isa = PBXBuildFile; fileRef = A352A7141317EF3F0053867A /* minute.png */; };
		A352A7181317EF3F0053867A /* timed.png in Resources */ = {isa = PBXBuildFile; fileRef = A352A7151317EF3F0053867A /* timed.png */; };
		A352A7601317FA2D0053867A /* FrameView.m in Sources */ = {isa = PBXBuildFile; fileRef = A352A75F1317FA2D0053867A /* FrameView.m */; };
		A352A7701317FBEE0053867A /* SplitFrameView.m in Sources */ = {isa = PBXBuildFile; fileRef = A352A76F1317FBEE0053867A /* SplitFrameView.m */; };
		A352A8C0131BDCAA0053867A /* ActionNotifyViewController.m in Sources */ = {isa = PBXBuildFile; fileRef = A352A8BF131BDCAA0053867A /* ActionNotifyViewController.m */; };
		A352A8E9131BE6780053867A /* sgreenbuttonup.png in Resources */ = {isa = PBXBuildFile; fileRef = A352A8E8131BE6780053867A /* sgreenbuttonup.png */; };
		A352A8FB131BEEEC0053867A /* frame2.png in Resources */ = {isa = PBXBuildFile; fileRef = A352A8FA131BEEEC0053867A /* frame2.png */; };
		A352A8FF131BEF450053867A /* sbluebuttonup.png in Resources */ = {isa = PBXBuildFile; fileRef = A352A8FE131BEF450053867A /* sbluebuttonup.png */; };
		A352A938131BEFE90053867A /* greenbuttonup.png in Resources */ = {isa = PBXBuildFile; fileRef = A352A937131BEFE90053867A /* greenbuttonup.png */; };
		A352A972131BF83E0053867A /* greenup.png in Resources */ = {isa = PBXBuildFile; fileRef = A352A971131BF83E0053867A /* greenup.png */; };
		A352A9FA131C02AD0053867A /* ActionBlockViewController.m in Sources */ = {isa = PBXBuildFile; fileRef = A352A9F9131C02AD0053867A /* ActionBlockViewController.m */; };
		A352A9FF131C02F90053867A /* ActionBlockView.m in Sources */ = {isa = PBXBuildFile; fileRef = A352A9FE131C02F90053867A /* ActionBlockView.m */; };
		A352AA95131D03B10053867A /* computerunblocked.png in Resources */ = {isa = PBXBuildFile; fileRef = A352AA91131D03B10053867A /* computerunblocked.png */; };
		A352AA96131D03B10053867A /* desktopunblocked.png in Resources */ = {isa = PBXBuildFile; fileRef = A352AA92131D03B10053867A /* desktopunblocked.png */; };
		A352AA97131D03B10053867A /* laptopunblocked.png in Resources */ = {isa = PBXBuildFile; fileRef = A352AA93131D03B10053867A /* laptopunblocked.png */; };
		A352AA98131D03B10053867A /* phoneunblocked.png in Resources */ = {isa = PBXBuildFile; fileRef = A352AA94131D03B10053867A /* phoneunblocked.png */; };
		A352AAE3131D0A570053867A /* ConditionTimeViewController.m in Sources */ = {isa = PBXBuildFile; fileRef = A352AAE2131D0A570053867A /* ConditionTimeViewController.m */; };
		A352AAED131D0B8F0053867A /* ConditionViewController.m in Sources */ = {isa = PBXBuildFile; fileRef = A352AAEC131D0B8F0053867A /* ConditionViewController.m */; };
		A352AB23131D10300053867A /* ConditionTimeView.m in Sources */ = {isa = PBXBuildFile; fileRef = A352AB22131D10300053867A /* ConditionTimeView.m */; };
		A352ABAE131D7F5A0053867A /* clockface2.png in Resources */ = {isa = PBXBuildFile; fileRef = A352ABAD131D7F5A0053867A /* clockface2.png */; };
		A352ABDB131D88B30053867A /* hour2.png in Resources */ = {isa = PBXBuildFile; fileRef = A352ABD9131D88B30053867A /* hour2.png */; };
		A352ABDC131D88B30053867A /* minute2.png in Resources */ = {isa = PBXBuildFile; fileRef = A352ABDA131D88B30053867A /* minute2.png */; };
		A352AC03131E55290053867A /* HandView.m in Sources */ = {isa = PBXBuildFile; fileRef = A352AC02131E55290053867A /* HandView.m */; };
		A3BE908D137175E8004F6E8B /* MirroredViewController.m in Sources */ = {isa = PBXBuildFile; fileRef = A3BE908C137175E8004F6E8B /* MirroredViewController.m */; };
		A3CD11A11329173C00D3720E /* whitemask.png in Resources */ = {isa = PBXBuildFile; fileRef = A3CD11A01329173C00D3720E /* whitemask.png */; };
		A3DB62CC1371A6AF00AEBF46 /* policies.json in Resources */ = {isa = PBXBuildFile; fileRef = A3DB62CB1371A6AF00AEBF46 /* policies.json */; };
		A3DB62CF1371AC5000AEBF46 /* PolicyManager.m in Sources */ = {isa = PBXBuildFile; fileRef = A3DB62CE1371AC5000AEBF46 /* PolicyManager.m */; };
		A3DCB58C13437F7B00A38D5E /* NavigationViewController.m in Sources */ = {isa = PBXBuildFile; fileRef = A3DCB58B13437F7B00A38D5E /* NavigationViewController.m */; };
		A3DCB5FE1344C90900A38D5E /* Catalogue.m in Sources */ = {isa = PBXBuildFile; fileRef = A3DCB5FD1344C90900A38D5E /* Catalogue.m */; };
		A3DCB6161344D1E500A38D5E /* NSObject+JSON.m in Sources */ = {isa = PBXBuildFile; fileRef = A3DCB6051344D1E500A38D5E /* NSObject+JSON.m */; };
		A3DCB6171344D1E500A38D5E /* SBJsonParser.m in Sources */ = {isa = PBXBuildFile; fileRef = A3DCB6071344D1E500A38D5E /* SBJsonParser.m */; };
		A3DCB6181344D1E500A38D5E /* SBJsonStreamParser.m in Sources */ = {isa = PBXBuildFile; fileRef = A3DCB6091344D1E500A38D5E /* SBJsonStreamParser.m */; };
		A3DCB6191344D1E500A38D5E /* SBJsonStreamParserAdapter.m in Sources */ = {isa = PBXBuildFile; fileRef = A3DCB60B1344D1E500A38D5E /* SBJsonStreamParserAdapter.m */; };
		A3DCB61A1344D1E500A38D5E /* SBJsonStreamParserState.m in Sources */ = {isa = PBXBuildFile; fileRef = A3DCB60D1344D1E500A38D5E /* SBJsonStreamParserState.m */; };
		A3DCB61B1344D1E500A38D5E /* SBJsonStreamWriter.m in Sources */ = {isa = PBXBuildFile; fileRef = A3DCB60F1344D1E500A38D5E /* SBJsonStreamWriter.m */; };
		A3DCB61C1344D1E500A38D5E /* SBJsonStreamWriterState.m in Sources */ = {isa = PBXBuildFile; fileRef = A3DCB6111344D1E500A38D5E /* SBJsonStreamWriterState.m */; };
		A3DCB61D1344D1E500A38D5E /* SBJsonTokeniser.m in Sources */ = {isa = PBXBuildFile; fileRef = A3DCB6131344D1E500A38D5E /* SBJsonTokeniser.m */; };
		A3DCB61E1344D1E500A38D5E /* SBJsonWriter.m in Sources */ = {isa = PBXBuildFile; fileRef = A3DCB6151344D1E500A38D5E /* SBJsonWriter.m */; };
		A3DCB7091344EDB300A38D5E /* data.json in Resources */ = {isa = PBXBuildFile; fileRef = A3DCB7081344EDAD00A38D5E /* data.json */; };
		A3DCBB81134B201000A38D5E /* selecthours.png in Resources */ = {isa = PBXBuildFile; fileRef = A3DCBB80134B201000A38D5E /* selecthours.png */; };
		A3DCBBEE134B738B00A38D5E /* ResultTimeViewController.m in Sources */ = {isa = PBXBuildFile; fileRef = A3DCBBED134B738B00A38D5E /* ResultTimeViewController.m */; };
		A3DCBBFC134B769700A38D5E /* ResultViewController.m in Sources */ = {isa = PBXBuildFile; fileRef = A3DCBBFB134B769700A38D5E /* ResultViewController.m */; };
		A3ED1701135F3A6E001C64EA /* FlipFrameView.m in Sources */ = {isa = PBXBuildFile; fileRef = A3ED1700135F3A6E001C64EA /* FlipFrameView.m */; };
/* End PBXBuildFile section */

/* Begin PBXFileReference section */
		1D30AB110D05D00D00671497 /* Foundation.framework */ = {isa = PBXFileReference; lastKnownFileType = wrapper.framework; name = Foundation.framework; path = System/Library/Frameworks/Foundation.framework; sourceTree = SDKROOT; };
		1D3623240D0F684500981E51 /* ComicPolicyAppDelegate.h */ = {isa = PBXFileReference; fileEncoding = 4; lastKnownFileType = sourcecode.c.h; path = ComicPolicyAppDelegate.h; sourceTree = "<group>"; };
		1D3623250D0F684500981E51 /* ComicPolicyAppDelegate.m */ = {isa = PBXFileReference; fileEncoding = 4; lastKnownFileType = sourcecode.c.objc; path = ComicPolicyAppDelegate.m; sourceTree = "<group>"; };
		1D6058910D05DD3D006BFB54 /* ComicPolicy.app */ = {isa = PBXFileReference; explicitFileType = wrapper.application; includeInIndex = 0; path = ComicPolicy.app; sourceTree = BUILT_PRODUCTS_DIR; };
		1DF5F4DF0D08C38300B7A737 /* UIKit.framework */ = {isa = PBXFileReference; lastKnownFileType = wrapper.framework; name = UIKit.framework; path = System/Library/Frameworks/UIKit.framework; sourceTree = SDKROOT; };
		288765A40DF7441C002DB57D /* CoreGraphics.framework */ = {isa = PBXFileReference; lastKnownFileType = wrapper.framework; name = CoreGraphics.framework; path = System/Library/Frameworks/CoreGraphics.framework; sourceTree = SDKROOT; };
		2899E5210DE3E06400AC0155 /* ComicPolicyViewController.xib */ = {isa = PBXFileReference; lastKnownFileType = file.xib; path = ComicPolicyViewController.xib; sourceTree = "<group>"; };
		28AD733E0D9D9553002E5188 /* MainWindow.xib */ = {isa = PBXFileReference; lastKnownFileType = file.xib; path = MainWindow.xib; sourceTree = "<group>"; };
		28D7ACF60DDB3853001CB0EB /* ComicPolicyViewController.h */ = {isa = PBXFileReference; fileEncoding = 4; lastKnownFileType = sourcecode.c.h; path = ComicPolicyViewController.h; sourceTree = "<group>"; };
		28D7ACF70DDB3853001CB0EB /* ComicPolicyViewController.m */ = {isa = PBXFileReference; fileEncoding = 4; lastKnownFileType = sourcecode.c.objc; path = ComicPolicyViewController.m; sourceTree = "<group>"; };
		29B97316FDCFA39411CA2CEA /* main.m */ = {isa = PBXFileReference; fileEncoding = 4; lastKnownFileType = sourcecode.c.objc; path = main.m; sourceTree = "<group>"; };
		32CA4F630368D1EE00C91783 /* ComicPolicy_Prefix.pch */ = {isa = PBXFileReference; fileEncoding = 4; lastKnownFileType = sourcecode.c.h; path = ComicPolicy_Prefix.pch; sourceTree = "<group>"; };
		8D1107310486CEB800E47090 /* ComicPolicy-Info.plist */ = {isa = PBXFileReference; fileEncoding = 4; lastKnownFileType = text.plist.xml; path = "ComicPolicy-Info.plist"; plistStructureDefinitionIdentifier = "com.apple.xcode.plist.structure-definition.iphone.info-plist"; sourceTree = "<group>"; };
		A30ADEFC131528F70060D2F1 /* notifydad.png */ = {isa = PBXFileReference; lastKnownFileType = image.png; path = notifydad.png; sourceTree = "<group>"; };
		A30ADEFD131528F70060D2F1 /* notifyeveryone.png */ = {isa = PBXFileReference; lastKnownFileType = image.png; path = notifyeveryone.png; sourceTree = "<group>"; };
		A30ADEFE131528F70060D2F1 /* notifyjohn.png */ = {isa = PBXFileReference; lastKnownFileType = image.png; path = notifyjohn.png; sourceTree = "<group>"; };
		A30ADEFF131528F70060D2F1 /* notifykatie.png */ = {isa = PBXFileReference; lastKnownFileType = image.png; path = notifykatie.png; sourceTree = "<group>"; };
		A30ADF00131528F70060D2F1 /* notifymum.png */ = {isa = PBXFileReference; lastKnownFileType = image.png; path = notifymum.png; sourceTree = "<group>"; };
		A30ADF02131528F70060D2F1 /* blockdad.png */ = {isa = PBXFileReference; lastKnownFileType = image.png; path = blockdad.png; sourceTree = "<group>"; };
		A30ADF03131528F70060D2F1 /* blockjohn.png */ = {isa = PBXFileReference; lastKnownFileType = image.png; path = blockjohn.png; sourceTree = "<group>"; };
		A30ADF04131528F70060D2F1 /* blockkatie.png */ = {isa = PBXFileReference; lastKnownFileType = image.png; path = blockkatie.png; sourceTree = "<group>"; };
		A30ADF05131528F70060D2F1 /* blockmum.png */ = {isa = PBXFileReference; lastKnownFileType = image.png; path = blockmum.png; sourceTree = "<group>"; };
		A30ADF07131528F70060D2F1 /* ascomputer.png */ = {isa = PBXFileReference; lastKnownFileType = image.png; path = ascomputer.png; sourceTree = "<group>"; };
		A30ADF08131528F70060D2F1 /* asdesktop.png */ = {isa = PBXFileReference; lastKnownFileType = image.png; path = asdesktop.png; sourceTree = "<group>"; };
		A30ADF09131528F70060D2F1 /* aslaptop.png */ = {isa = PBXFileReference; lastKnownFileType = image.png; path = aslaptop.png; sourceTree = "<group>"; };
		A30ADF0A131528F70060D2F1 /* asphone.png */ = {isa = PBXFileReference; lastKnownFileType = image.png; path = asphone.png; sourceTree = "<group>"; };
		A30ADF0E131528F70060D2F1 /* dad.png */ = {isa = PBXFileReference; lastKnownFileType = image.png; path = dad.png; sourceTree = "<group>"; };
		A30ADF0F131528F70060D2F1 /* everyone.png */ = {isa = PBXFileReference; lastKnownFileType = image.png; path = everyone.png; sourceTree = "<group>"; };
		A30ADF10131528F70060D2F1 /* john.png */ = {isa = PBXFileReference; lastKnownFileType = image.png; path = john.png; sourceTree = "<group>"; };
		A30ADF11131528F70060D2F1 /* katie.png */ = {isa = PBXFileReference; lastKnownFileType = image.png; path = katie.png; sourceTree = "<group>"; };
		A30ADF12131528F70060D2F1 /* mum.png */ = {isa = PBXFileReference; lastKnownFileType = image.png; path = mum.png; sourceTree = "<group>"; };
		A30ADF15131528F70060D2F1 /* condcomputer.png */ = {isa = PBXFileReference; lastKnownFileType = image.png; path = condcomputer.png; sourceTree = "<group>"; };
		A30ADF16131528F70060D2F1 /* conddesktop.png */ = {isa = PBXFileReference; lastKnownFileType = image.png; path = conddesktop.png; sourceTree = "<group>"; };
		A30ADF17131528F70060D2F1 /* conddevices.png */ = {isa = PBXFileReference; lastKnownFileType = image.png; path = conddevices.png; sourceTree = "<group>"; };
		A30ADF18131528F70060D2F1 /* condlaptop.png */ = {isa = PBXFileReference; lastKnownFileType = image.png; path = condlaptop.png; sourceTree = "<group>"; };
		A30ADF19131528F70060D2F1 /* condphone.png */ = {isa = PBXFileReference; lastKnownFileType = image.png; path = condphone.png; sourceTree = "<group>"; };
		A30ADF1D131528F70060D2F1 /* bandwidth.png */ = {isa = PBXFileReference; lastKnownFileType = image.png; path = bandwidth.png; sourceTree = "<group>"; };
		A30ADF1E131528F80060D2F1 /* downloading.png */ = {isa = PBXFileReference; lastKnownFileType = image.png; path = downloading.png; sourceTree = "<group>"; };
		A30ADF1F131528F80060D2F1 /* gaming.png */ = {isa = PBXFileReference; lastKnownFileType = image.png; path = gaming.png; sourceTree = "<group>"; };
		A30ADF20131528F80060D2F1 /* streaming.png */ = {isa = PBXFileReference; lastKnownFileType = image.png; path = streaming.png; sourceTree = "<group>"; };
		A30ADF21131528F80060D2F1 /* surfing.png */ = {isa = PBXFileReference; lastKnownFileType = image.png; path = surfing.png; sourceTree = "<group>"; };
		A30ADF25131528F80060D2F1 /* clockface.png */ = {isa = PBXFileReference; lastKnownFileType = image.png; path = clockface.png; sourceTree = "<group>"; };
		A30ADFCC13152BF20060D2F1 /* SubjectView.h */ = {isa = PBXFileReference; fileEncoding = 4; lastKnownFileType = sourcecode.c.h; path = SubjectView.h; sourceTree = "<group>"; };
		A30ADFCD13152BF20060D2F1 /* SubjectView.m */ = {isa = PBXFileReference; fileEncoding = 4; lastKnownFileType = sourcecode.c.objc; path = SubjectView.m; sourceTree = "<group>"; };
		A30AE001131537750060D2F1 /* SubjectViewController.h */ = {isa = PBXFileReference; fileEncoding = 4; lastKnownFileType = sourcecode.c.h; path = SubjectViewController.h; sourceTree = "<group>"; };
		A30AE002131537750060D2F1 /* SubjectViewController.m */ = {isa = PBXFileReference; fileEncoding = 4; lastKnownFileType = sourcecode.c.objc; path = SubjectViewController.m; sourceTree = "<group>"; };
		A30AE03113153C6D0060D2F1 /* RootConditionViewController.h */ = {isa = PBXFileReference; fileEncoding = 4; lastKnownFileType = sourcecode.c.h; path = RootConditionViewController.h; sourceTree = "<group>"; };
		A30AE03213153C6D0060D2F1 /* RootConditionViewController.m */ = {isa = PBXFileReference; fileEncoding = 4; lastKnownFileType = sourcecode.c.objc; path = RootConditionViewController.m; sourceTree = "<group>"; };
		A30AE04A13153DFB0060D2F1 /* RootActionViewController.h */ = {isa = PBXFileReference; fileEncoding = 4; lastKnownFileType = sourcecode.c.h; path = RootActionViewController.h; sourceTree = "<group>"; };
		A30AE04B13153DFB0060D2F1 /* RootActionViewController.m */ = {isa = PBXFileReference; fileEncoding = 4; lastKnownFileType = sourcecode.c.objc; path = RootActionViewController.m; sourceTree = "<group>"; };
		A30AE04F13153E600060D2F1 /* ActionNotifyView.h */ = {isa = PBXFileReference; fileEncoding = 4; lastKnownFileType = sourcecode.c.h; path = ActionNotifyView.h; sourceTree = "<group>"; };
		A30AE05013153E600060D2F1 /* ActionNotifyView.m */ = {isa = PBXFileReference; fileEncoding = 4; lastKnownFileType = sourcecode.c.objc; path = ActionNotifyView.m; sourceTree = "<group>"; };
		A30AE06B13153F420060D2F1 /* RootResultViewController.h */ = {isa = PBXFileReference; fileEncoding = 4; lastKnownFileType = sourcecode.c.h; path = RootResultViewController.h; sourceTree = "<group>"; };
		A30AE06C13153F420060D2F1 /* RootResultViewController.m */ = {isa = PBXFileReference; fileEncoding = 4; lastKnownFileType = sourcecode.c.objc; path = RootResultViewController.m; sourceTree = "<group>"; };
		A30AE070131540040060D2F1 /* ResultView.h */ = {isa = PBXFileReference; fileEncoding = 4; lastKnownFileType = sourcecode.c.h; path = ResultView.h; sourceTree = "<group>"; };
		A30AE071131540040060D2F1 /* ResultView.m */ = {isa = PBXFileReference; fileEncoding = 4; lastKnownFileType = sourcecode.c.objc; path = ResultView.m; sourceTree = "<group>"; };
		A30AE0D013154DED0060D2F1 /* QuartzCore.framework */ = {isa = PBXFileReference; lastKnownFileType = wrapper.framework; name = QuartzCore.framework; path = System/Library/Frameworks/QuartzCore.framework; sourceTree = SDKROOT; };
		A30AE12A13155C300060D2F1 /* visiting.png */ = {isa = PBXFileReference; lastKnownFileType = image.png; path = visiting.png; sourceTree = "<group>"; };
		A30AE1D3131574DA0060D2F1 /* resultbandwidth.png */ = {isa = PBXFileReference; lastKnownFileType = image.png; path = resultbandwidth.png; sourceTree = "<group>"; };
		A30AE1D5131574DA0060D2F1 /* resulttime.png */ = {isa = PBXFileReference; lastKnownFileType = image.png; path = resulttime.png; sourceTree = "<group>"; };
		A30AE1D6131574DA0060D2F1 /* resulttype.png */ = {isa = PBXFileReference; lastKnownFileType = image.png; path = resulttype.png; sourceTree = "<group>"; };
		A30AE1D7131574DA0060D2F1 /* resultvisits.png */ = {isa = PBXFileReference; lastKnownFileType = image.png; path = resultvisits.png; sourceTree = "<group>"; };
		A30AE27C1316B6B80060D2F1 /* dadtold.png */ = {isa = PBXFileReference; lastKnownFileType = image.png; path = dadtold.png; sourceTree = "<group>"; };
		A30AE27D1316B6B80060D2F1 /* dadwaiting.png */ = {isa = PBXFileReference; lastKnownFileType = image.png; path = dadwaiting.png; sourceTree = "<group>"; };
		A30AE27E1316B6B80060D2F1 /* johntold.png */ = {isa = PBXFileReference; lastKnownFileType = image.png; path = johntold.png; sourceTree = "<group>"; };
		A30AE27F1316B6B80060D2F1 /* johnwaiting.png */ = {isa = PBXFileReference; lastKnownFileType = image.png; path = johnwaiting.png; sourceTree = "<group>"; };
		A30AE2801316B6B80060D2F1 /* katietold.png */ = {isa = PBXFileReference; lastKnownFileType = image.png; path = katietold.png; sourceTree = "<group>"; };
		A30AE2811316B6B80060D2F1 /* katiewaiting.png */ = {isa = PBXFileReference; lastKnownFileType = image.png; path = katiewaiting.png; sourceTree = "<group>"; };
		A30AE2821316B6B80060D2F1 /* mumtold.png */ = {isa = PBXFileReference; lastKnownFileType = image.png; path = mumtold.png; sourceTree = "<group>"; };
		A30AE2831316B6B80060D2F1 /* mumwaiting.png */ = {isa = PBXFileReference; lastKnownFileType = image.png; path = mumwaiting.png; sourceTree = "<group>"; };
		A30AE2AB1316BABB0060D2F1 /* ConditionBandwidthView.h */ = {isa = PBXFileReference; fileEncoding = 4; lastKnownFileType = sourcecode.c.h; path = ConditionBandwidthView.h; sourceTree = "<group>"; };
		A30AE2AC1316BABB0060D2F1 /* ConditionBandwidthView.m */ = {isa = PBXFileReference; fileEncoding = 4; lastKnownFileType = sourcecode.c.objc; path = ConditionBandwidthView.m; sourceTree = "<group>"; };
		A30AE3721316CE0C0060D2F1 /* ConditionBandwidthViewController.h */ = {isa = PBXFileReference; fileEncoding = 4; lastKnownFileType = sourcecode.c.h; path = ConditionBandwidthViewController.h; sourceTree = "<group>"; };
		A30AE3731316CE0C0060D2F1 /* ConditionBandwidthViewController.m */ = {isa = PBXFileReference; fileEncoding = 4; lastKnownFileType = sourcecode.c.objc; path = ConditionBandwidthViewController.m; sourceTree = "<group>"; };
		A30AE3A31316F6F80060D2F1 /* ConditionTypeViewController.h */ = {isa = PBXFileReference; fileEncoding = 4; lastKnownFileType = sourcecode.c.h; path = ConditionTypeViewController.h; sourceTree = "<group>"; };
		A30AE3A41316F6F80060D2F1 /* ConditionTypeViewController.m */ = {isa = PBXFileReference; fileEncoding = 4; lastKnownFileType = sourcecode.c.objc; path = ConditionTypeViewController.m; sourceTree = "<group>"; };
		A30AE54D1317CA830060D2F1 /* conditionmoneybag.png */ = {isa = PBXFileReference; lastKnownFileType = image.png; path = conditionmoneybag.png; sourceTree = "<group>"; };
		A30AE5501317CC1D0060D2F1 /* frame.png */ = {isa = PBXFileReference; lastKnownFileType = image.png; path = frame.png; sourceTree = "<group>"; };
		A32749451340A10C00212CAB /* ok.png */ = {isa = PBXFileReference; lastKnownFileType = image.png; path = ok.png; sourceTree = "<group>"; };
		A32749461340A10C00212CAB /* cancel.png */ = {isa = PBXFileReference; lastKnownFileType = image.png; path = cancel.png; sourceTree = "<group>"; };
		A32749661340AAAD00212CAB /* NavigationView.h */ = {isa = PBXFileReference; fileEncoding = 4; lastKnownFileType = sourcecode.c.h; path = NavigationView.h; sourceTree = "<group>"; };
		A32749671340AAAD00212CAB /* NavigationView.m */ = {isa = PBXFileReference; fileEncoding = 4; lastKnownFileType = sourcecode.c.objc; path = NavigationView.m; sourceTree = "<group>"; };
		A32749691340AB4100212CAB /* addnew.png */ = {isa = PBXFileReference; lastKnownFileType = image.png; path = addnew.png; sourceTree = "<group>"; };
		A327496A1340AB4100212CAB /* empty.png */ = {isa = PBXFileReference; lastKnownFileType = image.png; path = empty.png; sourceTree = "<group>"; };
		A3274AC91342255200212CAB /* CoreData.framework */ = {isa = PBXFileReference; lastKnownFileType = wrapper.framework; name = CoreData.framework; path = System/Library/Frameworks/CoreData.framework; sourceTree = SDKROOT; };
		A337D64213213E6F00DA13C8 /* ActionTimeViewController.h */ = {isa = PBXFileReference; fileEncoding = 4; lastKnownFileType = sourcecode.c.h; path = ActionTimeViewController.h; sourceTree = "<group>"; };
		A337D64313213E6F00DA13C8 /* ActionTimeViewController.m */ = {isa = PBXFileReference; fileEncoding = 4; lastKnownFileType = sourcecode.c.objc; path = ActionTimeViewController.m; sourceTree = "<group>"; };
		A337D64713213E9300DA13C8 /* ActionTimeView.h */ = {isa = PBXFileReference; fileEncoding = 4; lastKnownFileType = sourcecode.c.h; path = ActionTimeView.h; sourceTree = "<group>"; };
		A337D64813213E9300DA13C8 /* ActionTimeView.m */ = {isa = PBXFileReference; fileEncoding = 4; lastKnownFileType = sourcecode.c.objc; path = ActionTimeView.m; sourceTree = "<group>"; };
		A3476045134C630D00430CE0 /* ResultTypeViewController.h */ = {isa = PBXFileReference; fileEncoding = 4; lastKnownFileType = sourcecode.c.h; path = ResultTypeViewController.h; sourceTree = "<group>"; };
		A3476046134C630D00430CE0 /* ResultTypeViewController.m */ = {isa = PBXFileReference; fileEncoding = 4; lastKnownFileType = sourcecode.c.objc; path = ResultTypeViewController.m; sourceTree = "<group>"; };
		A347604E134C633D00430CE0 /* ResultBandwidthViewController.h */ = {isa = PBXFileReference; fileEncoding = 4; lastKnownFileType = sourcecode.c.h; path = ResultBandwidthViewController.h; sourceTree = "<group>"; };
		A347604F134C633D00430CE0 /* ResultBandwidthViewController.m */ = {isa = PBXFileReference; fileEncoding = 4; lastKnownFileType = sourcecode.c.objc; path = ResultBandwidthViewController.m; sourceTree = "<group>"; };
		A3476053134C637500430CE0 /* ResultVisitsViewController.h */ = {isa = PBXFileReference; fileEncoding = 4; lastKnownFileType = sourcecode.c.h; path = ResultVisitsViewController.h; sourceTree = "<group>"; };
		A3476054134C637500430CE0 /* ResultVisitsViewController.m */ = {isa = PBXFileReference; fileEncoding = 4; lastKnownFileType = sourcecode.c.objc; path = ResultVisitsViewController.m; sourceTree = "<group>"; };
		A34760AA134C7B5F00430CE0 /* MonitorView.h */ = {isa = PBXFileReference; fileEncoding = 4; lastKnownFileType = sourcecode.c.h; path = MonitorView.h; sourceTree = "<group>"; };
		A34760AB134C7B5F00430CE0 /* MonitorView.m */ = {isa = PBXFileReference; fileEncoding = 4; lastKnownFileType = sourcecode.c.objc; path = MonitorView.m; sourceTree = "<group>"; };
		A34760C9134C816700430CE0 /* tick.caf */ = {isa = PBXFileReference; lastKnownFileType = file; path = tick.caf; sourceTree = "<group>"; };
		A34760CA134C816700430CE0 /* tock.caf */ = {isa = PBXFileReference; lastKnownFileType = file; path = tock.caf; sourceTree = "<group>"; };
		A34760DF134C822800430CE0 /* AVFoundation.framework */ = {isa = PBXFileReference; lastKnownFileType = wrapper.framework; name = AVFoundation.framework; path = System/Library/Frameworks/AVFoundation.framework; sourceTree = SDKROOT; };
		A34760E1134C822800430CE0 /* CoreAudio.framework */ = {isa = PBXFileReference; lastKnownFileType = wrapper.framework; name = CoreAudio.framework; path = System/Library/Frameworks/CoreAudio.framework; sourceTree = SDKROOT; };
		A352A6F91317E0A10053867A /* bigframeleft.png */ = {isa = PBXFileReference; lastKnownFileType = image.png; path = bigframeleft.png; sourceTree = "<group>"; };
		A352A6FA1317E0A10053867A /* bigframeright.png */ = {isa = PBXFileReference; lastKnownFileType = image.png; path = bigframeright.png; sourceTree = "<group>"; };
		A352A6FD1317E0DA0053867A /* bigframe.png */ = {isa = PBXFileReference; lastKnownFileType = image.png; path = bigframe.png; sourceTree = "<group>"; };
		A352A7031317EAF80053867A /* notifybymail.png */ = {isa = PBXFileReference; lastKnownFileType = image.png; path = notifybymail.png; sourceTree = "<group>"; };
		A352A7041317EAF80053867A /* notifybyphone.png */ = {isa = PBXFileReference; lastKnownFileType = image.png; path = notifybyphone.png; sourceTree = "<group>"; };
		A352A7051317EAF80053867A /* notifybysound.png */ = {isa = PBXFileReference; lastKnownFileType = image.png; path = notifybysound.png; sourceTree = "<group>"; };
		A352A7061317EAF80053867A /* notifybytweet.png */ = {isa = PBXFileReference; lastKnownFileType = image.png; path = notifybytweet.png; sourceTree = "<group>"; };
		A352A7131317EF3F0053867A /* hour.png */ = {isa = PBXFileReference; lastKnownFileType = image.png; path = hour.png; sourceTree = "<group>"; };
		A352A7141317EF3F0053867A /* minute.png */ = {isa = PBXFileReference; lastKnownFileType = image.png; path = minute.png; sourceTree = "<group>"; };
		A352A7151317EF3F0053867A /* timed.png */ = {isa = PBXFileReference; lastKnownFileType = image.png; path = timed.png; sourceTree = "<group>"; };
		A352A75E1317FA2D0053867A /* FrameView.h */ = {isa = PBXFileReference; fileEncoding = 4; lastKnownFileType = sourcecode.c.h; path = FrameView.h; sourceTree = "<group>"; };
		A352A75F1317FA2D0053867A /* FrameView.m */ = {isa = PBXFileReference; fileEncoding = 4; lastKnownFileType = sourcecode.c.objc; path = FrameView.m; sourceTree = "<group>"; };
		A352A76E1317FBEE0053867A /* SplitFrameView.h */ = {isa = PBXFileReference; fileEncoding = 4; lastKnownFileType = sourcecode.c.h; path = SplitFrameView.h; sourceTree = "<group>"; };
		A352A76F1317FBEE0053867A /* SplitFrameView.m */ = {isa = PBXFileReference; fileEncoding = 4; lastKnownFileType = sourcecode.c.objc; path = SplitFrameView.m; sourceTree = "<group>"; };
		A352A8BE131BDCAA0053867A /* ActionNotifyViewController.h */ = {isa = PBXFileReference; fileEncoding = 4; lastKnownFileType = sourcecode.c.h; path = ActionNotifyViewController.h; sourceTree = "<group>"; };
		A352A8BF131BDCAA0053867A /* ActionNotifyViewController.m */ = {isa = PBXFileReference; fileEncoding = 4; lastKnownFileType = sourcecode.c.objc; path = ActionNotifyViewController.m; sourceTree = "<group>"; };
		A352A8E8131BE6780053867A /* sgreenbuttonup.png */ = {isa = PBXFileReference; lastKnownFileType = image.png; path = sgreenbuttonup.png; sourceTree = "<group>"; };
		A352A8FA131BEEEC0053867A /* frame2.png */ = {isa = PBXFileReference; lastKnownFileType = image.png; path = frame2.png; sourceTree = "<group>"; };
		A352A8FE131BEF450053867A /* sbluebuttonup.png */ = {isa = PBXFileReference; lastKnownFileType = image.png; path = sbluebuttonup.png; sourceTree = "<group>"; };
		A352A937131BEFE90053867A /* greenbuttonup.png */ = {isa = PBXFileReference; lastKnownFileType = image.png; path = greenbuttonup.png; sourceTree = "<group>"; };
		A352A971131BF83E0053867A /* greenup.png */ = {isa = PBXFileReference; lastKnownFileType = image.png; path = greenup.png; sourceTree = "<group>"; };
		A352A9F8131C02AD0053867A /* ActionBlockViewController.h */ = {isa = PBXFileReference; fileEncoding = 4; lastKnownFileType = sourcecode.c.h; path = ActionBlockViewController.h; sourceTree = "<group>"; };
		A352A9F9131C02AD0053867A /* ActionBlockViewController.m */ = {isa = PBXFileReference; fileEncoding = 4; lastKnownFileType = sourcecode.c.objc; path = ActionBlockViewController.m; sourceTree = "<group>"; };
		A352A9FD131C02F90053867A /* ActionBlockView.h */ = {isa = PBXFileReference; fileEncoding = 4; lastKnownFileType = sourcecode.c.h; path = ActionBlockView.h; sourceTree = "<group>"; };
		A352A9FE131C02F90053867A /* ActionBlockView.m */ = {isa = PBXFileReference; fileEncoding = 4; lastKnownFileType = sourcecode.c.objc; path = ActionBlockView.m; sourceTree = "<group>"; };
		A352AA91131D03B10053867A /* computerunblocked.png */ = {isa = PBXFileReference; lastKnownFileType = image.png; path = computerunblocked.png; sourceTree = "<group>"; };
		A352AA92131D03B10053867A /* desktopunblocked.png */ = {isa = PBXFileReference; lastKnownFileType = image.png; path = desktopunblocked.png; sourceTree = "<group>"; };
		A352AA93131D03B10053867A /* laptopunblocked.png */ = {isa = PBXFileReference; lastKnownFileType = image.png; path = laptopunblocked.png; sourceTree = "<group>"; };
		A352AA94131D03B10053867A /* phoneunblocked.png */ = {isa = PBXFileReference; lastKnownFileType = image.png; path = phoneunblocked.png; sourceTree = "<group>"; };
		A352AAE1131D0A570053867A /* ConditionTimeViewController.h */ = {isa = PBXFileReference; fileEncoding = 4; lastKnownFileType = sourcecode.c.h; path = ConditionTimeViewController.h; sourceTree = "<group>"; };
		A352AAE2131D0A570053867A /* ConditionTimeViewController.m */ = {isa = PBXFileReference; fileEncoding = 4; lastKnownFileType = sourcecode.c.objc; path = ConditionTimeViewController.m; sourceTree = "<group>"; };
		A352AAEB131D0B8F0053867A /* ConditionViewController.h */ = {isa = PBXFileReference; fileEncoding = 4; lastKnownFileType = sourcecode.c.h; path = ConditionViewController.h; sourceTree = "<group>"; };
		A352AAEC131D0B8F0053867A /* ConditionViewController.m */ = {isa = PBXFileReference; fileEncoding = 4; lastKnownFileType = sourcecode.c.objc; path = ConditionViewController.m; sourceTree = "<group>"; };
		A352AB21131D10300053867A /* ConditionTimeView.h */ = {isa = PBXFileReference; fileEncoding = 4; lastKnownFileType = sourcecode.c.h; path = ConditionTimeView.h; sourceTree = "<group>"; };
		A352AB22131D10300053867A /* ConditionTimeView.m */ = {isa = PBXFileReference; fileEncoding = 4; lastKnownFileType = sourcecode.c.objc; path = ConditionTimeView.m; sourceTree = "<group>"; };
		A352ABAD131D7F5A0053867A /* clockface2.png */ = {isa = PBXFileReference; lastKnownFileType = image.png; path = clockface2.png; sourceTree = "<group>"; };
		A352ABD9131D88B30053867A /* hour2.png */ = {isa = PBXFileReference; lastKnownFileType = image.png; path = hour2.png; sourceTree = "<group>"; };
		A352ABDA131D88B30053867A /* minute2.png */ = {isa = PBXFileReference; lastKnownFileType = image.png; path = minute2.png; sourceTree = "<group>"; };
		A352AC01131E55290053867A /* HandView.h */ = {isa = PBXFileReference; fileEncoding = 4; lastKnownFileType = sourcecode.c.h; path = HandView.h; sourceTree = "<group>"; };
		A352AC02131E55290053867A /* HandView.m */ = {isa = PBXFileReference; fileEncoding = 4; lastKnownFileType = sourcecode.c.objc; path = HandView.m; sourceTree = "<group>"; };
		A3BE908B137175E8004F6E8B /* MirroredViewController.h */ = {isa = PBXFileReference; fileEncoding = 4; lastKnownFileType = sourcecode.c.h; path = MirroredViewController.h; sourceTree = "<group>"; };
		A3BE908C137175E8004F6E8B /* MirroredViewController.m */ = {isa = PBXFileReference; fileEncoding = 4; lastKnownFileType = sourcecode.c.objc; path = MirroredViewController.m; sourceTree = "<group>"; };
		A3CD11A01329173C00D3720E /* whitemask.png */ = {isa = PBXFileReference; lastKnownFileType = image.png; path = whitemask.png; sourceTree = "<group>"; };
		A3DB62CB1371A6AF00AEBF46 /* policies.json */ = {isa = PBXFileReference; fileEncoding = 4; lastKnownFileType = text; path = policies.json; sourceTree = "<group>"; };
		A3DB62CD1371AC5000AEBF46 /* PolicyManager.h */ = {isa = PBXFileReference; fileEncoding = 4; lastKnownFileType = sourcecode.c.h; path = PolicyManager.h; sourceTree = "<group>"; };
		A3DB62CE1371AC5000AEBF46 /* PolicyManager.m */ = {isa = PBXFileReference; fileEncoding = 4; lastKnownFileType = sourcecode.c.objc; path = PolicyManager.m; sourceTree = "<group>"; };
		A3DCB58A13437F7B00A38D5E /* NavigationViewController.h */ = {isa = PBXFileReference; fileEncoding = 4; lastKnownFileType = sourcecode.c.h; path = NavigationViewController.h; sourceTree = "<group>"; };
		A3DCB58B13437F7B00A38D5E /* NavigationViewController.m */ = {isa = PBXFileReference; fileEncoding = 4; lastKnownFileType = sourcecode.c.objc; path = NavigationViewController.m; sourceTree = "<group>"; };
		A3DCB5FC1344C90900A38D5E /* Catalogue.h */ = {isa = PBXFileReference; fileEncoding = 4; lastKnownFileType = sourcecode.c.h; path = Catalogue.h; sourceTree = "<group>"; };
		A3DCB5FD1344C90900A38D5E /* Catalogue.m */ = {isa = PBXFileReference; fileEncoding = 4; lastKnownFileType = sourcecode.c.objc; path = Catalogue.m; sourceTree = "<group>"; };
		A3DCB6031344D1E500A38D5E /* JSON.h */ = {isa = PBXFileReference; fileEncoding = 4; lastKnownFileType = sourcecode.c.h; path = JSON.h; sourceTree = "<group>"; };
		A3DCB6041344D1E500A38D5E /* NSObject+JSON.h */ = {isa = PBXFileReference; fileEncoding = 4; lastKnownFileType = sourcecode.c.h; path = "NSObject+JSON.h"; sourceTree = "<group>"; };
		A3DCB6051344D1E500A38D5E /* NSObject+JSON.m */ = {isa = PBXFileReference; fileEncoding = 4; lastKnownFileType = sourcecode.c.objc; path = "NSObject+JSON.m"; sourceTree = "<group>"; };
		A3DCB6061344D1E500A38D5E /* SBJsonParser.h */ = {isa = PBXFileReference; fileEncoding = 4; lastKnownFileType = sourcecode.c.h; path = SBJsonParser.h; sourceTree = "<group>"; };
		A3DCB6071344D1E500A38D5E /* SBJsonParser.m */ = {isa = PBXFileReference; fileEncoding = 4; lastKnownFileType = sourcecode.c.objc; path = SBJsonParser.m; sourceTree = "<group>"; };
		A3DCB6081344D1E500A38D5E /* SBJsonStreamParser.h */ = {isa = PBXFileReference; fileEncoding = 4; lastKnownFileType = sourcecode.c.h; path = SBJsonStreamParser.h; sourceTree = "<group>"; };
		A3DCB6091344D1E500A38D5E /* SBJsonStreamParser.m */ = {isa = PBXFileReference; fileEncoding = 4; lastKnownFileType = sourcecode.c.objc; path = SBJsonStreamParser.m; sourceTree = "<group>"; };
		A3DCB60A1344D1E500A38D5E /* SBJsonStreamParserAdapter.h */ = {isa = PBXFileReference; fileEncoding = 4; lastKnownFileType = sourcecode.c.h; path = SBJsonStreamParserAdapter.h; sourceTree = "<group>"; };
		A3DCB60B1344D1E500A38D5E /* SBJsonStreamParserAdapter.m */ = {isa = PBXFileReference; fileEncoding = 4; lastKnownFileType = sourcecode.c.objc; path = SBJsonStreamParserAdapter.m; sourceTree = "<group>"; };
		A3DCB60C1344D1E500A38D5E /* SBJsonStreamParserState.h */ = {isa = PBXFileReference; fileEncoding = 4; lastKnownFileType = sourcecode.c.h; path = SBJsonStreamParserState.h; sourceTree = "<group>"; };
		A3DCB60D1344D1E500A38D5E /* SBJsonStreamParserState.m */ = {isa = PBXFileReference; fileEncoding = 4; lastKnownFileType = sourcecode.c.objc; path = SBJsonStreamParserState.m; sourceTree = "<group>"; };
		A3DCB60E1344D1E500A38D5E /* SBJsonStreamWriter.h */ = {isa = PBXFileReference; fileEncoding = 4; lastKnownFileType = sourcecode.c.h; path = SBJsonStreamWriter.h; sourceTree = "<group>"; };
		A3DCB60F1344D1E500A38D5E /* SBJsonStreamWriter.m */ = {isa = PBXFileReference; fileEncoding = 4; lastKnownFileType = sourcecode.c.objc; path = SBJsonStreamWriter.m; sourceTree = "<group>"; };
		A3DCB6101344D1E500A38D5E /* SBJsonStreamWriterState.h */ = {isa = PBXFileReference; fileEncoding = 4; lastKnownFileType = sourcecode.c.h; path = SBJsonStreamWriterState.h; sourceTree = "<group>"; };
		A3DCB6111344D1E500A38D5E /* SBJsonStreamWriterState.m */ = {isa = PBXFileReference; fileEncoding = 4; lastKnownFileType = sourcecode.c.objc; path = SBJsonStreamWriterState.m; sourceTree = "<group>"; };
		A3DCB6121344D1E500A38D5E /* SBJsonTokeniser.h */ = {isa = PBXFileReference; fileEncoding = 4; lastKnownFileType = sourcecode.c.h; path = SBJsonTokeniser.h; sourceTree = "<group>"; };
		A3DCB6131344D1E500A38D5E /* SBJsonTokeniser.m */ = {isa = PBXFileReference; fileEncoding = 4; lastKnownFileType = sourcecode.c.objc; path = SBJsonTokeniser.m; sourceTree = "<group>"; };
		A3DCB6141344D1E500A38D5E /* SBJsonWriter.h */ = {isa = PBXFileReference; fileEncoding = 4; lastKnownFileType = sourcecode.c.h; path = SBJsonWriter.h; sourceTree = "<group>"; };
		A3DCB6151344D1E500A38D5E /* SBJsonWriter.m */ = {isa = PBXFileReference; fileEncoding = 4; lastKnownFileType = sourcecode.c.objc; path = SBJsonWriter.m; sourceTree = "<group>"; };
		A3DCB7081344EDAD00A38D5E /* data.json */ = {isa = PBXFileReference; fileEncoding = 4; lastKnownFileType = text; path = data.json; sourceTree = "<group>"; };
		A3DCBB80134B201000A38D5E /* selecthours.png */ = {isa = PBXFileReference; lastKnownFileType = image.png; path = selecthours.png; sourceTree = "<group>"; };
		A3DCBBEC134B738B00A38D5E /* ResultTimeViewController.h */ = {isa = PBXFileReference; fileEncoding = 4; lastKnownFileType = sourcecode.c.h; path = ResultTimeViewController.h; sourceTree = "<group>"; };
		A3DCBBED134B738B00A38D5E /* ResultTimeViewController.m */ = {isa = PBXFileReference; fileEncoding = 4; lastKnownFileType = sourcecode.c.objc; path = ResultTimeViewController.m; sourceTree = "<group>"; };
		A3DCBBFA134B769700A38D5E /* ResultViewController.h */ = {isa = PBXFileReference; fileEncoding = 4; lastKnownFileType = sourcecode.c.h; path = ResultViewController.h; sourceTree = "<group>"; };
		A3DCBBFB134B769700A38D5E /* ResultViewController.m */ = {isa = PBXFileReference; fileEncoding = 4; lastKnownFileType = sourcecode.c.objc; path = ResultViewController.m; sourceTree = "<group>"; };
		A3ED16FF135F3A6D001C64EA /* FlipFrameView.h */ = {isa = PBXFileReference; fileEncoding = 4; lastKnownFileType = sourcecode.c.h; path = FlipFrameView.h; sourceTree = "<group>"; };
		A3ED1700135F3A6E001C64EA /* FlipFrameView.m */ = {isa = PBXFileReference; fileEncoding = 4; lastKnownFileType = sourcecode.c.objc; path = FlipFrameView.m; sourceTree = "<group>"; };
/* End PBXFileReference section */

/* Begin PBXFrameworksBuildPhase section */
		1D60588F0D05DD3D006BFB54 /* Frameworks */ = {
			isa = PBXFrameworksBuildPhase;
			buildActionMask = 2147483647;
			files = (
				1D60589F0D05DD5A006BFB54 /* Foundation.framework in Frameworks */,
				1DF5F4E00D08C38300B7A737 /* UIKit.framework in Frameworks */,
				288765A50DF7441C002DB57D /* CoreGraphics.framework in Frameworks */,
				A30AE0D113154DED0060D2F1 /* QuartzCore.framework in Frameworks */,
				A3274ACA1342255200212CAB /* CoreData.framework in Frameworks */,
				A34760E0134C822800430CE0 /* AVFoundation.framework in Frameworks */,
				A34760E2134C822800430CE0 /* CoreAudio.framework in Frameworks */,
			);
			runOnlyForDeploymentPostprocessing = 0;
		};
/* End PBXFrameworksBuildPhase section */

/* Begin PBXGroup section */
		080E96DDFE201D6D7F000001 /* Classes */ = {
			isa = PBXGroup;
			children = (
				A34760C8134C815100430CE0 /* Sounds */,
				A352A8A7131BD5F50053867A /* Shared */,
				A352A8A6131BD5C30053867A /* Util */,
				A352A89F131BD4BE0053867A /* Subject */,
				A352A8A0131BD4C70053867A /* Condition */,
				A352A8A1131BD4D10053867A /* Action */,
				A352A8A3131BD4E30053867A /* Result */,
				1D3623240D0F684500981E51 /* ComicPolicyAppDelegate.h */,
				1D3623250D0F684500981E51 /* ComicPolicyAppDelegate.m */,
				28D7ACF60DDB3853001CB0EB /* ComicPolicyViewController.h */,
				28D7ACF70DDB3853001CB0EB /* ComicPolicyViewController.m */,
				A3BE908B137175E8004F6E8B /* MirroredViewController.h */,
				A3BE908C137175E8004F6E8B /* MirroredViewController.m */,
				A3DCB58A13437F7B00A38D5E /* NavigationViewController.h */,
				A3DCB58B13437F7B00A38D5E /* NavigationViewController.m */,
				A32749661340AAAD00212CAB /* NavigationView.h */,
				A32749671340AAAD00212CAB /* NavigationView.m */,
			);
			path = Classes;
			sourceTree = "<group>";
		};
		19C28FACFE9D520D11CA2CBB /* Products */ = {
			isa = PBXGroup;
			children = (
				1D6058910D05DD3D006BFB54 /* ComicPolicy.app */,
			);
			name = Products;
			sourceTree = "<group>";
		};
		29B97314FDCFA39411CA2CEA /* CustomTemplate */ = {
			isa = PBXGroup;
			children = (
				080E96DDFE201D6D7F000001 /* Classes */,
				29B97315FDCFA39411CA2CEA /* Other Sources */,
				29B97317FDCFA39411CA2CEA /* Resources */,
				29B97323FDCFA39411CA2CEA /* Frameworks */,
				19C28FACFE9D520D11CA2CBB /* Products */,
			);
			name = CustomTemplate;
			sourceTree = "<group>";
		};
		29B97315FDCFA39411CA2CEA /* Other Sources */ = {
			isa = PBXGroup;
			children = (
				32CA4F630368D1EE00C91783 /* ComicPolicy_Prefix.pch */,
				29B97316FDCFA39411CA2CEA /* main.m */,
			);
			name = "Other Sources";
			sourceTree = "<group>";
		};
		29B97317FDCFA39411CA2CEA /* Resources */ = {
			isa = PBXGroup;
			children = (
				A3DCB7081344EDAD00A38D5E /* data.json */,
				A3DB62CB1371A6AF00AEBF46 /* policies.json */,
				A30ADEF9131528F70060D2F1 /* action */,
				A30ADF06131528F70060D2F1 /* actionsubject */,
				A30ADF0C131528F70060D2F1 /* conditionsubject */,
				A30ADF1C131528F70060D2F1 /* event */,
				A30ADF28131528F80060D2F1 /* misc */,
				A30ADF43131528F80060D2F1 /* resultscene */,
				2899E5210DE3E06400AC0155 /* ComicPolicyViewController.xib */,
				28AD733E0D9D9553002E5188 /* MainWindow.xib */,
				8D1107310486CEB800E47090 /* ComicPolicy-Info.plist */,
			);
			name = Resources;
			sourceTree = "<group>";
		};
		29B97323FDCFA39411CA2CEA /* Frameworks */ = {
			isa = PBXGroup;
			children = (
				1DF5F4DF0D08C38300B7A737 /* UIKit.framework */,
				1D30AB110D05D00D00671497 /* Foundation.framework */,
				288765A40DF7441C002DB57D /* CoreGraphics.framework */,
				A30AE0D013154DED0060D2F1 /* QuartzCore.framework */,
				A3274AC91342255200212CAB /* CoreData.framework */,
				A34760DF134C822800430CE0 /* AVFoundation.framework */,
				A34760E1134C822800430CE0 /* CoreAudio.framework */,
			);
			name = Frameworks;
			sourceTree = "<group>";
		};
		A30ADEF9131528F70060D2F1 /* action */ = {
			isa = PBXGroup;
			children = (
				A3DCBB80134B201000A38D5E /* selecthours.png */,
				A30ADEFA131528F70060D2F1 /* notify */,
				A30ADF01131528F70060D2F1 /* block */,
			);
			path = action;
			sourceTree = "<group>";
		};
		A30ADEFA131528F70060D2F1 /* notify */ = {
			isa = PBXGroup;
			children = (
				A352A7031317EAF80053867A /* notifybymail.png */,
				A352A7041317EAF80053867A /* notifybyphone.png */,
				A352A7051317EAF80053867A /* notifybysound.png */,
				A352A7061317EAF80053867A /* notifybytweet.png */,
				A30ADEFC131528F70060D2F1 /* notifydad.png */,
				A30ADEFD131528F70060D2F1 /* notifyeveryone.png */,
				A30ADEFE131528F70060D2F1 /* notifyjohn.png */,
				A30ADEFF131528F70060D2F1 /* notifykatie.png */,
				A30ADF00131528F70060D2F1 /* notifymum.png */,
			);
			path = notify;
			sourceTree = "<group>";
		};
		A30ADF01131528F70060D2F1 /* block */ = {
			isa = PBXGroup;
			children = (
				A30ADF02131528F70060D2F1 /* blockdad.png */,
				A30ADF03131528F70060D2F1 /* blockjohn.png */,
				A30ADF04131528F70060D2F1 /* blockkatie.png */,
				A30ADF05131528F70060D2F1 /* blockmum.png */,
			);
			path = block;
			sourceTree = "<group>";
		};
		A30ADF06131528F70060D2F1 /* actionsubject */ = {
			isa = PBXGroup;
			children = (
				A30ADF07131528F70060D2F1 /* ascomputer.png */,
				A30ADF08131528F70060D2F1 /* asdesktop.png */,
				A30ADF09131528F70060D2F1 /* aslaptop.png */,
				A30ADF0A131528F70060D2F1 /* asphone.png */,
			);
			path = actionsubject;
			sourceTree = "<group>";
		};
		A30ADF0C131528F70060D2F1 /* conditionsubject */ = {
			isa = PBXGroup;
			children = (
				A30ADF0D131528F70060D2F1 /* people */,
				A30ADF14131528F70060D2F1 /* devices */,
			);
			path = conditionsubject;
			sourceTree = "<group>";
		};
		A30ADF0D131528F70060D2F1 /* people */ = {
			isa = PBXGroup;
			children = (
				A30ADF0E131528F70060D2F1 /* dad.png */,
				A30ADF0F131528F70060D2F1 /* everyone.png */,
				A30ADF10131528F70060D2F1 /* john.png */,
				A30ADF11131528F70060D2F1 /* katie.png */,
				A30ADF12131528F70060D2F1 /* mum.png */,
			);
			path = people;
			sourceTree = "<group>";
		};
		A30ADF14131528F70060D2F1 /* devices */ = {
			isa = PBXGroup;
			children = (
				A30ADF15131528F70060D2F1 /* condcomputer.png */,
				A30ADF16131528F70060D2F1 /* conddesktop.png */,
				A30ADF17131528F70060D2F1 /* conddevices.png */,
				A30ADF18131528F70060D2F1 /* condlaptop.png */,
				A30ADF19131528F70060D2F1 /* condphone.png */,
			);
			path = devices;
			sourceTree = "<group>";
		};
		A30ADF1C131528F70060D2F1 /* event */ = {
			isa = PBXGroup;
			children = (
				A30ADF1D131528F70060D2F1 /* bandwidth.png */,
				A352A7131317EF3F0053867A /* hour.png */,
				A352A7141317EF3F0053867A /* minute.png */,
				A352A7151317EF3F0053867A /* timed.png */,
				A30ADF1E131528F80060D2F1 /* downloading.png */,
				A30ADF1F131528F80060D2F1 /* gaming.png */,
				A30ADF20131528F80060D2F1 /* streaming.png */,
				A30ADF21131528F80060D2F1 /* surfing.png */,
				A30AE12A13155C300060D2F1 /* visiting.png */,
				A30ADF24131528F80060D2F1 /* extras */,
			);
			path = event;
			sourceTree = "<group>";
		};
		A30ADF24131528F80060D2F1 /* extras */ = {
			isa = PBXGroup;
			children = (
				A352ABD9131D88B30053867A /* hour2.png */,
				A352ABDA131D88B30053867A /* minute2.png */,
				A352ABAD131D7F5A0053867A /* clockface2.png */,
				A30AE54D1317CA830060D2F1 /* conditionmoneybag.png */,
				A30ADF25131528F80060D2F1 /* clockface.png */,
			);
			path = extras;
			sourceTree = "<group>";
		};
		A30ADF28131528F80060D2F1 /* misc */ = {
			isa = PBXGroup;
			children = (
				A32749691340AB4100212CAB /* addnew.png */,
				A327496A1340AB4100212CAB /* empty.png */,
				A32749451340A10C00212CAB /* ok.png */,
				A32749461340A10C00212CAB /* cancel.png */,
				A352A971131BF83E0053867A /* greenup.png */,
				A352A937131BEFE90053867A /* greenbuttonup.png */,
				A352A8FE131BEF450053867A /* sbluebuttonup.png */,
				A352A8FA131BEEEC0053867A /* frame2.png */,
				A352A8E8131BE6780053867A /* sgreenbuttonup.png */,
				A352A6FD1317E0DA0053867A /* bigframe.png */,
				A352A6F91317E0A10053867A /* bigframeleft.png */,
				A352A6FA1317E0A10053867A /* bigframeright.png */,
				A30AE5501317CC1D0060D2F1 /* frame.png */,
			);
			path = misc;
			sourceTree = "<group>";
		};
		A30ADF43131528F80060D2F1 /* resultscene */ = {
			isa = PBXGroup;
			children = (
				A352AA90131D03B10053867A /* devices */,
				A30AE1D3131574DA0060D2F1 /* resultbandwidth.png */,
				A30AE1D5131574DA0060D2F1 /* resulttime.png */,
				A3CD11A01329173C00D3720E /* whitemask.png */,
				A30AE1D6131574DA0060D2F1 /* resulttype.png */,
				A30AE1D7131574DA0060D2F1 /* resultvisits.png */,
				A30ADF48131528F80060D2F1 /* characters */,
			);
			path = resultscene;
			sourceTree = "<group>";
		};
		A30ADF48131528F80060D2F1 /* characters */ = {
			isa = PBXGroup;
			children = (
				A30AE27C1316B6B80060D2F1 /* dadtold.png */,
				A30AE27D1316B6B80060D2F1 /* dadwaiting.png */,
				A30AE27E1316B6B80060D2F1 /* johntold.png */,
				A30AE27F1316B6B80060D2F1 /* johnwaiting.png */,
				A30AE2801316B6B80060D2F1 /* katietold.png */,
				A30AE2811316B6B80060D2F1 /* katiewaiting.png */,
				A30AE2821316B6B80060D2F1 /* mumtold.png */,
				A30AE2831316B6B80060D2F1 /* mumwaiting.png */,
			);
			path = characters;
			sourceTree = "<group>";
		};
		A34760C8134C815100430CE0 /* Sounds */ = {
			isa = PBXGroup;
			children = (
				A34760C9134C816700430CE0 /* tick.caf */,
				A34760CA134C816700430CE0 /* tock.caf */,
			);
			name = Sounds;
			sourceTree = "<group>";
		};
		A352A89F131BD4BE0053867A /* Subject */ = {
			isa = PBXGroup;
			children = (
				A30AE001131537750060D2F1 /* SubjectViewController.h */,
				A30AE002131537750060D2F1 /* SubjectViewController.m */,
				A30ADFCC13152BF20060D2F1 /* SubjectView.h */,
				A30ADFCD13152BF20060D2F1 /* SubjectView.m */,
			);
			name = Subject;
			sourceTree = "<group>";
		};
		A352A8A0131BD4C70053867A /* Condition */ = {
			isa = PBXGroup;
			children = (
				A30AE03113153C6D0060D2F1 /* RootConditionViewController.h */,
				A30AE03213153C6D0060D2F1 /* RootConditionViewController.m */,
				A352AAEB131D0B8F0053867A /* ConditionViewController.h */,
				A352AAEC131D0B8F0053867A /* ConditionViewController.m */,
				A30AE3721316CE0C0060D2F1 /* ConditionBandwidthViewController.h */,
				A30AE3731316CE0C0060D2F1 /* ConditionBandwidthViewController.m */,
				A30AE3A31316F6F80060D2F1 /* ConditionTypeViewController.h */,
				A30AE3A41316F6F80060D2F1 /* ConditionTypeViewController.m */,
				A352AAE1131D0A570053867A /* ConditionTimeViewController.h */,
				A352AAE2131D0A570053867A /* ConditionTimeViewController.m */,
				A30AE2AB1316BABB0060D2F1 /* ConditionBandwidthView.h */,
				A30AE2AC1316BABB0060D2F1 /* ConditionBandwidthView.m */,
				A352AB21131D10300053867A /* ConditionTimeView.h */,
				A352AB22131D10300053867A /* ConditionTimeView.m */,
				A352AC01131E55290053867A /* HandView.h */,
				A352AC02131E55290053867A /* HandView.m */,
			);
			name = Condition;
			sourceTree = "<group>";
		};
		A352A8A1131BD4D10053867A /* Action */ = {
			isa = PBXGroup;
			children = (
				A30AE04A13153DFB0060D2F1 /* RootActionViewController.h */,
				A30AE04B13153DFB0060D2F1 /* RootActionViewController.m */,
				A352A8BE131BDCAA0053867A /* ActionNotifyViewController.h */,
				A352A8BF131BDCAA0053867A /* ActionNotifyViewController.m */,
				A30AE04F13153E600060D2F1 /* ActionNotifyView.h */,
				A30AE05013153E600060D2F1 /* ActionNotifyView.m */,
				A352A9F8131C02AD0053867A /* ActionBlockViewController.h */,
				A352A9F9131C02AD0053867A /* ActionBlockViewController.m */,
				A337D64213213E6F00DA13C8 /* ActionTimeViewController.h */,
				A337D64313213E6F00DA13C8 /* ActionTimeViewController.m */,
				A337D64713213E9300DA13C8 /* ActionTimeView.h */,
				A337D64813213E9300DA13C8 /* ActionTimeView.m */,
				A352A9FD131C02F90053867A /* ActionBlockView.h */,
				A352A9FE131C02F90053867A /* ActionBlockView.m */,
			);
			name = Action;
			sourceTree = "<group>";
		};
		A352A8A3131BD4E30053867A /* Result */ = {
			isa = PBXGroup;
			children = (
				A30AE06B13153F420060D2F1 /* RootResultViewController.h */,
				A30AE06C13153F420060D2F1 /* RootResultViewController.m */,
				A3DCBBFA134B769700A38D5E /* ResultViewController.h */,
				A3DCBBFB134B769700A38D5E /* ResultViewController.m */,
				A3DCBBEC134B738B00A38D5E /* ResultTimeViewController.h */,
				A3DCBBED134B738B00A38D5E /* ResultTimeViewController.m */,
				A3476053134C637500430CE0 /* ResultVisitsViewController.h */,
				A3476054134C637500430CE0 /* ResultVisitsViewController.m */,
				A3476045134C630D00430CE0 /* ResultTypeViewController.h */,
				A3476046134C630D00430CE0 /* ResultTypeViewController.m */,
				A347604E134C633D00430CE0 /* ResultBandwidthViewController.h */,
				A347604F134C633D00430CE0 /* ResultBandwidthViewController.m */,
				A30AE070131540040060D2F1 /* ResultView.h */,
				A30AE071131540040060D2F1 /* ResultView.m */,
				A34760AA134C7B5F00430CE0 /* MonitorView.h */,
				A34760AB134C7B5F00430CE0 /* MonitorView.m */,
			);
			name = Result;
			sourceTree = "<group>";
		};
		A352A8A6131BD5C30053867A /* Util */ = {
			isa = PBXGroup;
			children = (
				A3DCB6021344D1D200A38D5E /* JSON */,
				A3DB62CD1371AC5000AEBF46 /* PolicyManager.h */,
				A3DB62CE1371AC5000AEBF46 /* PolicyManager.m */,
				A3DCB5FC1344C90900A38D5E /* Catalogue.h */,
				A3DCB5FD1344C90900A38D5E /* Catalogue.m */,
			);
			name = Util;
			sourceTree = "<group>";
		};
		A352A8A7131BD5F50053867A /* Shared */ = {
			isa = PBXGroup;
			children = (
				A3ED16FF135F3A6D001C64EA /* FlipFrameView.h */,
				A3ED1700135F3A6E001C64EA /* FlipFrameView.m */,
				A352A76E1317FBEE0053867A /* SplitFrameView.h */,
				A352A76F1317FBEE0053867A /* SplitFrameView.m */,
				A352A75E1317FA2D0053867A /* FrameView.h */,
				A352A75F1317FA2D0053867A /* FrameView.m */,
			);
			name = Shared;
			sourceTree = "<group>";
		};
		A352AA90131D03B10053867A /* devices */ = {
			isa = PBXGroup;
			children = (
				A352AA91131D03B10053867A /* computerunblocked.png */,
				A352AA92131D03B10053867A /* desktopunblocked.png */,
				A352AA93131D03B10053867A /* laptopunblocked.png */,
				A352AA94131D03B10053867A /* phoneunblocked.png */,
			);
			path = devices;
			sourceTree = "<group>";
		};
		A3DCB6021344D1D200A38D5E /* JSON */ = {
			isa = PBXGroup;
			children = (
				A3DCB6031344D1E500A38D5E /* JSON.h */,
				A3DCB6041344D1E500A38D5E /* NSObject+JSON.h */,
				A3DCB6051344D1E500A38D5E /* NSObject+JSON.m */,
				A3DCB6061344D1E500A38D5E /* SBJsonParser.h */,
				A3DCB6071344D1E500A38D5E /* SBJsonParser.m */,
				A3DCB6081344D1E500A38D5E /* SBJsonStreamParser.h */,
				A3DCB6091344D1E500A38D5E /* SBJsonStreamParser.m */,
				A3DCB60A1344D1E500A38D5E /* SBJsonStreamParserAdapter.h */,
				A3DCB60B1344D1E500A38D5E /* SBJsonStreamParserAdapter.m */,
				A3DCB60C1344D1E500A38D5E /* SBJsonStreamParserState.h */,
				A3DCB60D1344D1E500A38D5E /* SBJsonStreamParserState.m */,
				A3DCB60E1344D1E500A38D5E /* SBJsonStreamWriter.h */,
				A3DCB60F1344D1E500A38D5E /* SBJsonStreamWriter.m */,
				A3DCB6101344D1E500A38D5E /* SBJsonStreamWriterState.h */,
				A3DCB6111344D1E500A38D5E /* SBJsonStreamWriterState.m */,
				A3DCB6121344D1E500A38D5E /* SBJsonTokeniser.h */,
				A3DCB6131344D1E500A38D5E /* SBJsonTokeniser.m */,
				A3DCB6141344D1E500A38D5E /* SBJsonWriter.h */,
				A3DCB6151344D1E500A38D5E /* SBJsonWriter.m */,
			);
			name = JSON;
			sourceTree = "<group>";
		};
/* End PBXGroup section */

/* Begin PBXNativeTarget section */
		1D6058900D05DD3D006BFB54 /* ComicPolicy */ = {
			isa = PBXNativeTarget;
			buildConfigurationList = 1D6058960D05DD3E006BFB54 /* Build configuration list for PBXNativeTarget "ComicPolicy" */;
			buildPhases = (
				1D60588D0D05DD3D006BFB54 /* Resources */,
				1D60588E0D05DD3D006BFB54 /* Sources */,
				1D60588F0D05DD3D006BFB54 /* Frameworks */,
			);
			buildRules = (
			);
			dependencies = (
			);
			name = ComicPolicy;
			productName = ComicPolicy;
			productReference = 1D6058910D05DD3D006BFB54 /* ComicPolicy.app */;
			productType = "com.apple.product-type.application";
		};
/* End PBXNativeTarget section */

/* Begin PBXProject section */
		29B97313FDCFA39411CA2CEA /* Project object */ = {
			isa = PBXProject;
			buildConfigurationList = C01FCF4E08A954540054247B /* Build configuration list for PBXProject "ComicPolicy" */;
			compatibilityVersion = "Xcode 3.1";
			developmentRegion = English;
			hasScannedForEncodings = 1;
			knownRegions = (
				English,
				Japanese,
				French,
				German,
			);
			mainGroup = 29B97314FDCFA39411CA2CEA /* CustomTemplate */;
			projectDirPath = "";
			projectRoot = "";
			targets = (
				1D6058900D05DD3D006BFB54 /* ComicPolicy */,
			);
		};
/* End PBXProject section */

/* Begin PBXResourcesBuildPhase section */
		1D60588D0D05DD3D006BFB54 /* Resources */ = {
			isa = PBXResourcesBuildPhase;
			buildActionMask = 2147483647;
			files = (
				28AD733F0D9D9553002E5188 /* MainWindow.xib in Resources */,
				2899E5220DE3E06400AC0155 /* ComicPolicyViewController.xib in Resources */,
				A30ADF53131528F80060D2F1 /* notifydad.png in Resources */,
				A30ADF54131528F80060D2F1 /* notifyeveryone.png in Resources */,
				A30ADF55131528F80060D2F1 /* notifyjohn.png in Resources */,
				A30ADF56131528F80060D2F1 /* notifykatie.png in Resources */,
				A30ADF57131528F80060D2F1 /* notifymum.png in Resources */,
				A30ADF58131528F80060D2F1 /* blockdad.png in Resources */,
				A30ADF59131528F80060D2F1 /* blockjohn.png in Resources */,
				A30ADF5A131528F80060D2F1 /* blockkatie.png in Resources */,
				A30ADF5B131528F80060D2F1 /* blockmum.png in Resources */,
				A30ADF5C131528F80060D2F1 /* ascomputer.png in Resources */,
				A30ADF5D131528F80060D2F1 /* asdesktop.png in Resources */,
				A30ADF5E131528F80060D2F1 /* aslaptop.png in Resources */,
				A30ADF5F131528F80060D2F1 /* asphone.png in Resources */,
				A30ADF61131528F80060D2F1 /* dad.png in Resources */,
				A30ADF62131528F80060D2F1 /* everyone.png in Resources */,
				A30ADF63131528F80060D2F1 /* john.png in Resources */,
				A30ADF64131528F80060D2F1 /* katie.png in Resources */,
				A30ADF65131528F80060D2F1 /* mum.png in Resources */,
				A30ADF67131528F80060D2F1 /* condcomputer.png in Resources */,
				A30ADF68131528F80060D2F1 /* conddesktop.png in Resources */,
				A30ADF69131528F80060D2F1 /* conddevices.png in Resources */,
				A30ADF6A131528F80060D2F1 /* condlaptop.png in Resources */,
				A30ADF6B131528F80060D2F1 /* condphone.png in Resources */,
				A30ADF6E131528F80060D2F1 /* bandwidth.png in Resources */,
				A30ADF6F131528F80060D2F1 /* downloading.png in Resources */,
				A30ADF70131528F80060D2F1 /* gaming.png in Resources */,
				A30ADF71131528F80060D2F1 /* streaming.png in Resources */,
				A30ADF72131528F80060D2F1 /* surfing.png in Resources */,
				A30ADF75131528F80060D2F1 /* clockface.png in Resources */,
				A30AE12B13155C300060D2F1 /* visiting.png in Resources */,
				A30AE1D8131574DA0060D2F1 /* resultbandwidth.png in Resources */,
				A30AE1DA131574DA0060D2F1 /* resulttime.png in Resources */,
				A30AE1DB131574DA0060D2F1 /* resulttype.png in Resources */,
				A30AE1DC131574DA0060D2F1 /* resultvisits.png in Resources */,
				A30AE2841316B6B80060D2F1 /* dadtold.png in Resources */,
				A30AE2851316B6B80060D2F1 /* dadwaiting.png in Resources */,
				A30AE2861316B6B80060D2F1 /* johntold.png in Resources */,
				A30AE2871316B6B80060D2F1 /* johnwaiting.png in Resources */,
				A30AE2881316B6B80060D2F1 /* katietold.png in Resources */,
				A30AE2891316B6B80060D2F1 /* katiewaiting.png in Resources */,
				A30AE28A1316B6B80060D2F1 /* mumtold.png in Resources */,
				A30AE28B1316B6B80060D2F1 /* mumwaiting.png in Resources */,
				A30AE54E1317CA830060D2F1 /* conditionmoneybag.png in Resources */,
				A30AE5521317CC1D0060D2F1 /* frame.png in Resources */,
				A352A6FB1317E0A10053867A /* bigframeleft.png in Resources */,
				A352A6FC1317E0A10053867A /* bigframeright.png in Resources */,
				A352A6FE1317E0DA0053867A /* bigframe.png in Resources */,
				A352A7071317EAF80053867A /* notifybymail.png in Resources */,
				A352A7081317EAF80053867A /* notifybyphone.png in Resources */,
				A352A7091317EAF80053867A /* notifybysound.png in Resources */,
				A352A70A1317EAF80053867A /* notifybytweet.png in Resources */,
				A352A7161317EF3F0053867A /* hour.png in Resources */,
				A352A7171317EF3F0053867A /* minute.png in Resources */,
				A352A7181317EF3F0053867A /* timed.png in Resources */,
				A352A8E9131BE6780053867A /* sgreenbuttonup.png in Resources */,
				A352A8FB131BEEEC0053867A /* frame2.png in Resources */,
				A352A8FF131BEF450053867A /* sbluebuttonup.png in Resources */,
				A352A938131BEFE90053867A /* greenbuttonup.png in Resources */,
				A352A972131BF83E0053867A /* greenup.png in Resources */,
				A352AA95131D03B10053867A /* computerunblocked.png in Resources */,
				A352AA96131D03B10053867A /* desktopunblocked.png in Resources */,
				A352AA97131D03B10053867A /* laptopunblocked.png in Resources */,
				A352AA98131D03B10053867A /* phoneunblocked.png in Resources */,
				A352ABAE131D7F5A0053867A /* clockface2.png in Resources */,
				A352ABDB131D88B30053867A /* hour2.png in Resources */,
				A352ABDC131D88B30053867A /* minute2.png in Resources */,
				A3CD11A11329173C00D3720E /* whitemask.png in Resources */,
				A32749471340A10C00212CAB /* ok.png in Resources */,
				A32749481340A10C00212CAB /* cancel.png in Resources */,
				A327496B1340AB4100212CAB /* addnew.png in Resources */,
				A327496C1340AB4100212CAB /* empty.png in Resources */,
				A3DCB7091344EDB300A38D5E /* data.json in Resources */,
				A3DCBB81134B201000A38D5E /* selecthours.png in Resources */,
				A34760CB134C816700430CE0 /* tick.caf in Resources */,
				A34760CC134C816700430CE0 /* tock.caf in Resources */,
				A3DB62CC1371A6AF00AEBF46 /* policies.json in Resources */,
			);
			runOnlyForDeploymentPostprocessing = 0;
		};
/* End PBXResourcesBuildPhase section */

/* Begin PBXSourcesBuildPhase section */
		1D60588E0D05DD3D006BFB54 /* Sources */ = {
			isa = PBXSourcesBuildPhase;
			buildActionMask = 2147483647;
			files = (
				1D60589B0D05DD56006BFB54 /* main.m in Sources */,
				1D3623260D0F684500981E51 /* ComicPolicyAppDelegate.m in Sources */,
				28D7ACF80DDB3853001CB0EB /* ComicPolicyViewController.m in Sources */,
				A30ADFCE13152BF20060D2F1 /* SubjectView.m in Sources */,
				A30AE003131537750060D2F1 /* SubjectViewController.m in Sources */,
				A30AE03313153C6D0060D2F1 /* RootConditionViewController.m in Sources */,
				A30AE04C13153DFB0060D2F1 /* RootActionViewController.m in Sources */,
				A30AE05113153E600060D2F1 /* ActionNotifyView.m in Sources */,
				A30AE06D13153F420060D2F1 /* RootResultViewController.m in Sources */,
				A30AE072131540040060D2F1 /* ResultView.m in Sources */,
				A30AE2AD1316BABB0060D2F1 /* ConditionBandwidthView.m in Sources */,
				A30AE3741316CE0C0060D2F1 /* ConditionBandwidthViewController.m in Sources */,
				A30AE3A51316F6F80060D2F1 /* ConditionTypeViewController.m in Sources */,
				A352A7601317FA2D0053867A /* FrameView.m in Sources */,
				A352A7701317FBEE0053867A /* SplitFrameView.m in Sources */,
				A352A8C0131BDCAA0053867A /* ActionNotifyViewController.m in Sources */,
				A352A9FA131C02AD0053867A /* ActionBlockViewController.m in Sources */,
				A352A9FF131C02F90053867A /* ActionBlockView.m in Sources */,
				A352AAE3131D0A570053867A /* ConditionTimeViewController.m in Sources */,
				A352AAED131D0B8F0053867A /* ConditionViewController.m in Sources */,
				A352AB23131D10300053867A /* ConditionTimeView.m in Sources */,
				A352AC03131E55290053867A /* HandView.m in Sources */,
				A337D64413213E6F00DA13C8 /* ActionTimeViewController.m in Sources */,
				A337D64913213E9300DA13C8 /* ActionTimeView.m in Sources */,
				A32749681340AAAD00212CAB /* NavigationView.m in Sources */,
				A3DCB58C13437F7B00A38D5E /* NavigationViewController.m in Sources */,
				A3DCB5FE1344C90900A38D5E /* Catalogue.m in Sources */,
				A3DCB6161344D1E500A38D5E /* NSObject+JSON.m in Sources */,
				A3DCB6171344D1E500A38D5E /* SBJsonParser.m in Sources */,
				A3DCB6181344D1E500A38D5E /* SBJsonStreamParser.m in Sources */,
				A3DCB6191344D1E500A38D5E /* SBJsonStreamParserAdapter.m in Sources */,
				A3DCB61A1344D1E500A38D5E /* SBJsonStreamParserState.m in Sources */,
				A3DCB61B1344D1E500A38D5E /* SBJsonStreamWriter.m in Sources */,
				A3DCB61C1344D1E500A38D5E /* SBJsonStreamWriterState.m in Sources */,
				A3DCB61D1344D1E500A38D5E /* SBJsonTokeniser.m in Sources */,
				A3DCB61E1344D1E500A38D5E /* SBJsonWriter.m in Sources */,
				A3DCBBEE134B738B00A38D5E /* ResultTimeViewController.m in Sources */,
				A3DCBBFC134B769700A38D5E /* ResultViewController.m in Sources */,
				A3476047134C630D00430CE0 /* ResultTypeViewController.m in Sources */,
				A3476050134C633D00430CE0 /* ResultBandwidthViewController.m in Sources */,
				A3476055134C637500430CE0 /* ResultVisitsViewController.m in Sources */,
				A34760AC134C7B5F00430CE0 /* MonitorView.m in Sources */,
				A3ED1701135F3A6E001C64EA /* FlipFrameView.m in Sources */,
				A3BE908D137175E8004F6E8B /* MirroredViewController.m in Sources */,
				A3DB62CF1371AC5000AEBF46 /* PolicyManager.m in Sources */,
			);
			runOnlyForDeploymentPostprocessing = 0;
		};
/* End PBXSourcesBuildPhase section */

/* Begin XCBuildConfiguration section */
		1D6058940D05DD3E006BFB54 /* Debug */ = {
			isa = XCBuildConfiguration;
			buildSettings = {
				ALWAYS_SEARCH_USER_PATHS = NO;
				CODE_SIGN_IDENTITY = "iPhone Developer: Tom Lodge (C4DACQ32K3)";
				COPY_PHASE_STRIP = NO;
				GCC_DYNAMIC_NO_PIC = NO;
				GCC_OPTIMIZATION_LEVEL = 0;
				GCC_PRECOMPILE_PREFIX_HEADER = YES;
				GCC_PREFIX_HEADER = ComicPolicy_Prefix.pch;
				INFOPLIST_FILE = "ComicPolicy-Info.plist";
				IPHONEOS_DEPLOYMENT_TARGET = 4.1;
				PRODUCT_NAME = ComicPolicy;
				PROVISIONING_PROFILE = "8DC0B753-9FF4-4F09-98DE-E4C7F9038CD2";
			};
			name = Debug;
		};
		1D6058950D05DD3E006BFB54 /* Release */ = {
			isa = XCBuildConfiguration;
			buildSettings = {
				ALWAYS_SEARCH_USER_PATHS = NO;
				CODE_SIGN_IDENTITY = "iPhone Developer: Tom Lodge (C4DACQ32K3)";
				COPY_PHASE_STRIP = YES;
				GCC_PRECOMPILE_PREFIX_HEADER = YES;
				GCC_PREFIX_HEADER = ComicPolicy_Prefix.pch;
				INFOPLIST_FILE = "ComicPolicy-Info.plist";
				IPHONEOS_DEPLOYMENT_TARGET = 4.1;
				PRODUCT_NAME = ComicPolicy;
				PROVISIONING_PROFILE = "8DC0B753-9FF4-4F09-98DE-E4C7F9038CD2";
				VALIDATE_PRODUCT = YES;
			};
			name = Release;
		};
		C01FCF4F08A954540054247B /* Debug */ = {
			isa = XCBuildConfiguration;
			buildSettings = {
				ARCHS = "$(ARCHS_UNIVERSAL_IPHONE_OS)";
				CODE_SIGN_IDENTITY = "iPhone Developer: Tom Lodge (C4DACQ32K3)";
				"CODE_SIGN_IDENTITY[sdk=iphoneos*]" = "iPhone Developer: Tom Lodge (C4DACQ32K3)";
				GCC_C_LANGUAGE_STANDARD = c99;
				GCC_WARN_ABOUT_RETURN_TYPE = YES;
				GCC_WARN_UNUSED_VARIABLE = YES;
				IPHONEOS_DEPLOYMENT_TARGET = 3.2;
				PREBINDING = NO;
				PROVISIONING_PROFILE = "8DC0B753-9FF4-4F09-98DE-E4C7F9038CD2";
				"PROVISIONING_PROFILE[sdk=iphoneos*]" = "8DC0B753-9FF4-4F09-98DE-E4C7F9038CD2";
				SDKROOT = iphoneos4.3;
				TARGETED_DEVICE_FAMILY = 2;
			};
			name = Debug;
		};
		C01FCF5008A954540054247B /* Release */ = {
			isa = XCBuildConfiguration;
			buildSettings = {
				ARCHS = "$(ARCHS_UNIVERSAL_IPHONE_OS)";
				CODE_SIGN_IDENTITY = "iPhone Developer: Tom Lodge (C4DACQ32K3)";
				"CODE_SIGN_IDENTITY[sdk=iphoneos*]" = "iPhone Developer: Tom Lodge (C4DACQ32K3)";
				GCC_C_LANGUAGE_STANDARD = c99;
				GCC_WARN_ABOUT_RETURN_TYPE = YES;
				GCC_WARN_UNUSED_VARIABLE = YES;
				IPHONEOS_DEPLOYMENT_TARGET = 3.2;
				OTHER_CFLAGS = "-DNS_BLOCK_ASSERTIONS=1";
				PREBINDING = NO;
				PROVISIONING_PROFILE = "8DC0B753-9FF4-4F09-98DE-E4C7F9038CD2";
				"PROVISIONING_PROFILE[sdk=iphoneos*]" = "8DC0B753-9FF4-4F09-98DE-E4C7F9038CD2";
				SDKROOT = iphoneos4.3;
				TARGETED_DEVICE_FAMILY = 2;
			};
			name = Release;
		};
/* End XCBuildConfiguration section */

/* Begin XCConfigurationList section */
		1D6058960D05DD3E006BFB54 /* Build configuration list for PBXNativeTarget "ComicPolicy" */ = {
			isa = XCConfigurationList;
			buildConfigurations = (
				1D6058940D05DD3E006BFB54 /* Debug */,
				1D6058950D05DD3E006BFB54 /* Release */,
			);
			defaultConfigurationIsVisible = 0;
			defaultConfigurationName = Release;
		};
		C01FCF4E08A954540054247B /* Build configuration list for PBXProject "ComicPolicy" */ = {
			isa = XCConfigurationList;
			buildConfigurations = (
				C01FCF4F08A954540054247B /* Debug */,
				C01FCF5008A954540054247B /* Release */,
			);
			defaultConfigurationIsVisible = 0;
			defaultConfigurationName = Release;
		};
/* End XCConfigurationList section */
	};
	rootObject = 29B97313FDCFA39411CA2CEA /* Project object */;
}
